// !$*UTF8*$!
{
	archiveVersion = 1;
	classes = {
	};
	objectVersion = 50;
	objects = {

/* Begin PBXBuildFile section */
		996BF83A211193FD0019490F /* AppDelegate.swift in Sources */ = {isa = PBXBuildFile; fileRef = 996BF839211193FD0019490F /* AppDelegate.swift */; };
		996BF841211193FE0019490F /* Assets.xcassets in Resources */ = {isa = PBXBuildFile; fileRef = 996BF840211193FE0019490F /* Assets.xcassets */; };
		996BF844211193FE0019490F /* LaunchScreen.storyboard in Resources */ = {isa = PBXBuildFile; fileRef = 996BF842211193FE0019490F /* LaunchScreen.storyboard */; };
		996BF84D211195790019490F /* DirectLine.framework in Frameworks */ = {isa = PBXBuildFile; fileRef = 996BF84C211195790019490F /* DirectLine.framework */; };
		996BF84F211195B20019490F /* RxSwift.framework in Frameworks */ = {isa = PBXBuildFile; fileRef = 996BF84E211195B20019490F /* RxSwift.framework */; };
		996BF851211195E40019490F /* RxSwift.framework in CopyFiles */ = {isa = PBXBuildFile; fileRef = 996BF84E211195B20019490F /* RxSwift.framework */; settings = {ATTRIBUTES = (CodeSignOnCopy, RemoveHeadersOnCopy, ); }; };
		99EA5CE72111F96400D197E7 /* MessageView.swift in Sources */ = {isa = PBXBuildFile; fileRef = 99EA5CE62111F96400D197E7 /* MessageView.swift */; };
		99EA5CE92111F9E800D197E7 /* UIView+Autolayout.swift in Sources */ = {isa = PBXBuildFile; fileRef = 99EA5CE82111F9E800D197E7 /* UIView+Autolayout.swift */; };
		99EA5CEB2111FB0100D197E7 /* ConversationViewController.swift in Sources */ = {isa = PBXBuildFile; fileRef = 99EA5CEA2111FB0100D197E7 /* ConversationViewController.swift */; };
		99EA5CED2111FBEA00D197E7 /* OutgoingMessageCell.swift in Sources */ = {isa = PBXBuildFile; fileRef = 99EA5CEC2111FBEA00D197E7 /* OutgoingMessageCell.swift */; };
		99EA5CEF2112068000D197E7 /* UITableView+Reusable.swift in Sources */ = {isa = PBXBuildFile; fileRef = 99EA5CEE2112068000D197E7 /* UITableView+Reusable.swift */; };
		99EA5CF12112077300D197E7 /* IncomingMessageCell.swift in Sources */ = {isa = PBXBuildFile; fileRef = 99EA5CF02112077300D197E7 /* IncomingMessageCell.swift */; };
/* End PBXBuildFile section */

/* Begin PBXCopyFilesBuildPhase section */
		996BF850211195D50019490F /* CopyFiles */ = {
			isa = PBXCopyFilesBuildPhase;
			buildActionMask = 2147483647;
			dstPath = "";
			dstSubfolderSpec = 10;
			files = (
				996BF851211195E40019490F /* RxSwift.framework in CopyFiles */,
			);
			runOnlyForDeploymentPostprocessing = 0;
		};
/* End PBXCopyFilesBuildPhase section */

/* Begin PBXFileReference section */
		996BF836211193FD0019490F /* DirectLineExample.app */ = {isa = PBXFileReference; explicitFileType = wrapper.application; includeInIndex = 0; path = DirectLineExample.app; sourceTree = BUILT_PRODUCTS_DIR; };
		996BF839211193FD0019490F /* AppDelegate.swift */ = {isa = PBXFileReference; lastKnownFileType = sourcecode.swift; path = AppDelegate.swift; sourceTree = "<group>"; };
		996BF840211193FE0019490F /* Assets.xcassets */ = {isa = PBXFileReference; lastKnownFileType = folder.assetcatalog; path = Assets.xcassets; sourceTree = "<group>"; };
		996BF843211193FE0019490F /* Base */ = {isa = PBXFileReference; lastKnownFileType = file.storyboard; name = Base; path = Base.lproj/LaunchScreen.storyboard; sourceTree = "<group>"; };
		996BF845211193FE0019490F /* Info.plist */ = {isa = PBXFileReference; lastKnownFileType = text.plist.xml; path = Info.plist; sourceTree = "<group>"; };
		996BF84C211195790019490F /* DirectLine.framework */ = {isa = PBXFileReference; explicitFileType = wrapper.framework; path = DirectLine.framework; sourceTree = BUILT_PRODUCTS_DIR; };
		996BF84E211195B20019490F /* RxSwift.framework */ = {isa = PBXFileReference; lastKnownFileType = wrapper.framework; name = RxSwift.framework; path = Carthage/Build/iOS/RxSwift.framework; sourceTree = "<group>"; };
		99EA5CE62111F96400D197E7 /* MessageView.swift */ = {isa = PBXFileReference; lastKnownFileType = sourcecode.swift; path = MessageView.swift; sourceTree = "<group>"; };
		99EA5CE82111F9E800D197E7 /* UIView+Autolayout.swift */ = {isa = PBXFileReference; lastKnownFileType = sourcecode.swift; path = "UIView+Autolayout.swift"; sourceTree = "<group>"; };
		99EA5CEA2111FB0100D197E7 /* ConversationViewController.swift */ = {isa = PBXFileReference; lastKnownFileType = sourcecode.swift; path = ConversationViewController.swift; sourceTree = "<group>"; };
		99EA5CEC2111FBEA00D197E7 /* OutgoingMessageCell.swift */ = {isa = PBXFileReference; lastKnownFileType = sourcecode.swift; path = OutgoingMessageCell.swift; sourceTree = "<group>"; };
		99EA5CEE2112068000D197E7 /* UITableView+Reusable.swift */ = {isa = PBXFileReference; lastKnownFileType = sourcecode.swift; path = "UITableView+Reusable.swift"; sourceTree = "<group>"; };
		99EA5CF02112077300D197E7 /* IncomingMessageCell.swift */ = {isa = PBXFileReference; lastKnownFileType = sourcecode.swift; path = IncomingMessageCell.swift; sourceTree = "<group>"; };
/* End PBXFileReference section */

/* Begin PBXFrameworksBuildPhase section */
		996BF833211193FD0019490F /* Frameworks */ = {
			isa = PBXFrameworksBuildPhase;
			buildActionMask = 2147483647;
			files = (
				996BF84F211195B20019490F /* RxSwift.framework in Frameworks */,
				996BF84D211195790019490F /* DirectLine.framework in Frameworks */,
			);
			runOnlyForDeploymentPostprocessing = 0;
		};
/* End PBXFrameworksBuildPhase section */

/* Begin PBXGroup section */
		996BF82D211193FD0019490F = {
			isa = PBXGroup;
			children = (
				996BF838211193FD0019490F /* Example */,
				996BF837211193FD0019490F /* Products */,
				996BF84B211195790019490F /* Frameworks */,
			);
			sourceTree = "<group>";
		};
		996BF837211193FD0019490F /* Products */ = {
			isa = PBXGroup;
			children = (
				996BF836211193FD0019490F /* DirectLineExample.app */,
			);
			name = Products;
			sourceTree = "<group>";
		};
		996BF838211193FD0019490F /* Example */ = {
			isa = PBXGroup;
			children = (
				996BF839211193FD0019490F /* AppDelegate.swift */,
				99EA5CE82111F9E800D197E7 /* UIView+Autolayout.swift */,
				99EA5CEE2112068000D197E7 /* UITableView+Reusable.swift */,
				99EA5CE62111F96400D197E7 /* MessageView.swift */,
				99EA5CF02112077300D197E7 /* IncomingMessageCell.swift */,
				99EA5CEC2111FBEA00D197E7 /* OutgoingMessageCell.swift */,
				99EA5CEA2111FB0100D197E7 /* ConversationViewController.swift */,
				996BF840211193FE0019490F /* Assets.xcassets */,
				996BF842211193FE0019490F /* LaunchScreen.storyboard */,
				996BF845211193FE0019490F /* Info.plist */,
			);
			path = Example;
			sourceTree = "<group>";
		};
		996BF84B211195790019490F /* Frameworks */ = {
			isa = PBXGroup;
			children = (
				996BF84E211195B20019490F /* RxSwift.framework */,
				996BF84C211195790019490F /* DirectLine.framework */,
			);
			name = Frameworks;
			sourceTree = "<group>";
		};
/* End PBXGroup section */

/* Begin PBXNativeTarget section */
		996BF835211193FD0019490F /* DirectLineExample */ = {
			isa = PBXNativeTarget;
			buildConfigurationList = 996BF848211193FE0019490F /* Build configuration list for PBXNativeTarget "DirectLineExample" */;
			buildPhases = (
				995528AF2113599C00918F11 /* SwiftFormat */,
				996BF832211193FD0019490F /* Sources */,
				996BF833211193FD0019490F /* Frameworks */,
				996BF834211193FD0019490F /* Resources */,
				996BF850211195D50019490F /* CopyFiles */,
			);
			buildRules = (
			);
			dependencies = (
			);
			name = DirectLineExample;
			productName = DirectLineExample;
			productReference = 996BF836211193FD0019490F /* DirectLineExample.app */;
			productType = "com.apple.product-type.application";
		};
/* End PBXNativeTarget section */

/* Begin PBXProject section */
		996BF82E211193FD0019490F /* Project object */ = {
			isa = PBXProject;
			attributes = {
				LastSwiftUpdateCheck = 1000;
				LastUpgradeCheck = 1000;
				ORGANIZATIONNAME = "Guille Gonzalez";
				TargetAttributes = {
					996BF835211193FD0019490F = {
						CreatedOnToolsVersion = 10.0;
					};
				};
			};
			buildConfigurationList = 996BF831211193FD0019490F /* Build configuration list for PBXProject "DirectLineExample" */;
			compatibilityVersion = "Xcode 9.3";
			developmentRegion = en;
			hasScannedForEncodings = 0;
			knownRegions = (
				en,
				Base,
			);
			mainGroup = 996BF82D211193FD0019490F;
			productRefGroup = 996BF837211193FD0019490F /* Products */;
			projectDirPath = "";
			projectRoot = "";
			targets = (
				996BF835211193FD0019490F /* DirectLineExample */,
			);
		};
/* End PBXProject section */

/* Begin PBXResourcesBuildPhase section */
		996BF834211193FD0019490F /* Resources */ = {
			isa = PBXResourcesBuildPhase;
			buildActionMask = 2147483647;
			files = (
				996BF844211193FE0019490F /* LaunchScreen.storyboard in Resources */,
				996BF841211193FE0019490F /* Assets.xcassets in Resources */,
			);
			runOnlyForDeploymentPostprocessing = 0;
		};
/* End PBXResourcesBuildPhase section */

/* Begin PBXShellScriptBuildPhase section */
		995528AF2113599C00918F11 /* SwiftFormat */ = {
			isa = PBXShellScriptBuildPhase;
			buildActionMask = 2147483647;
			files = (
			);
			inputFileListPaths = (
			);
			inputPaths = (
			);
			name = SwiftFormat;
			outputFileListPaths = (
			);
			outputPaths = (
			);
			runOnlyForDeploymentPostprocessing = 0;
			shellPath = /bin/sh;
			shellScript = "\"${SRCROOT}/Tools/run-swiftformat.sh\" \"${SRCROOT}/Example\"\n";
		};
/* End PBXShellScriptBuildPhase section */

/* Begin PBXSourcesBuildPhase section */
		996BF832211193FD0019490F /* Sources */ = {
			isa = PBXSourcesBuildPhase;
			buildActionMask = 2147483647;
			files = (
				99EA5CED2111FBEA00D197E7 /* OutgoingMessageCell.swift in Sources */,
				99EA5CE72111F96400D197E7 /* MessageView.swift in Sources */,
				99EA5CF12112077300D197E7 /* IncomingMessageCell.swift in Sources */,
				99EA5CE92111F9E800D197E7 /* UIView+Autolayout.swift in Sources */,
				99EA5CEB2111FB0100D197E7 /* ConversationViewController.swift in Sources */,
				99EA5CEF2112068000D197E7 /* UITableView+Reusable.swift in Sources */,
				996BF83A211193FD0019490F /* AppDelegate.swift in Sources */,
			);
			runOnlyForDeploymentPostprocessing = 0;
		};
/* End PBXSourcesBuildPhase section */

/* Begin PBXVariantGroup section */
		996BF842211193FE0019490F /* LaunchScreen.storyboard */ = {
			isa = PBXVariantGroup;
			children = (
				996BF843211193FE0019490F /* Base */,
			);
			name = LaunchScreen.storyboard;
			sourceTree = "<group>";
		};
/* End PBXVariantGroup section */

/* Begin XCBuildConfiguration section */
		996BF846211193FE0019490F /* Debug */ = {
			isa = XCBuildConfiguration;
			buildSettings = {
				ALWAYS_SEARCH_USER_PATHS = NO;
				CLANG_ANALYZER_NONNULL = YES;
				CLANG_ANALYZER_NUMBER_OBJECT_CONVERSION = YES_AGGRESSIVE;
				CLANG_CXX_LANGUAGE_STANDARD = "gnu++14";
				CLANG_CXX_LIBRARY = "libc++";
				CLANG_ENABLE_MODULES = YES;
				CLANG_ENABLE_OBJC_ARC = YES;
				CLANG_ENABLE_OBJC_WEAK = YES;
				CLANG_WARN_BLOCK_CAPTURE_AUTORELEASING = YES;
				CLANG_WARN_BOOL_CONVERSION = YES;
				CLANG_WARN_COMMA = YES;
				CLANG_WARN_CONSTANT_CONVERSION = YES;
				CLANG_WARN_DEPRECATED_OBJC_IMPLEMENTATIONS = YES;
				CLANG_WARN_DIRECT_OBJC_ISA_USAGE = YES_ERROR;
				CLANG_WARN_DOCUMENTATION_COMMENTS = YES;
				CLANG_WARN_EMPTY_BODY = YES;
				CLANG_WARN_ENUM_CONVERSION = YES;
				CLANG_WARN_INFINITE_RECURSION = YES;
				CLANG_WARN_INT_CONVERSION = YES;
				CLANG_WARN_NON_LITERAL_NULL_CONVERSION = YES;
				CLANG_WARN_OBJC_IMPLICIT_RETAIN_SELF = YES;
				CLANG_WARN_OBJC_LITERAL_CONVERSION = YES;
				CLANG_WARN_OBJC_ROOT_CLASS = YES_ERROR;
				CLANG_WARN_RANGE_LOOP_ANALYSIS = YES;
				CLANG_WARN_STRICT_PROTOTYPES = YES;
				CLANG_WARN_SUSPICIOUS_MOVE = YES;
				CLANG_WARN_UNGUARDED_AVAILABILITY = YES_AGGRESSIVE;
				CLANG_WARN_UNREACHABLE_CODE = YES;
				CLANG_WARN__DUPLICATE_METHOD_MATCH = YES;
				CODE_SIGN_IDENTITY = "iPhone Developer";
				COPY_PHASE_STRIP = NO;
				DEBUG_INFORMATION_FORMAT = dwarf;
				ENABLE_STRICT_OBJC_MSGSEND = YES;
				ENABLE_TESTABILITY = YES;
				GCC_C_LANGUAGE_STANDARD = gnu11;
				GCC_DYNAMIC_NO_PIC = NO;
				GCC_NO_COMMON_BLOCKS = YES;
				GCC_OPTIMIZATION_LEVEL = 0;
				GCC_PREPROCESSOR_DEFINITIONS = (
					"DEBUG=1",
					"$(inherited)",
				);
				GCC_WARN_64_TO_32_BIT_CONVERSION = YES;
				GCC_WARN_ABOUT_RETURN_TYPE = YES_ERROR;
				GCC_WARN_UNDECLARED_SELECTOR = YES;
				GCC_WARN_UNINITIALIZED_AUTOS = YES_AGGRESSIVE;
				GCC_WARN_UNUSED_FUNCTION = YES;
				GCC_WARN_UNUSED_VARIABLE = YES;
				IPHONEOS_DEPLOYMENT_TARGET = 12.0;
				MTL_ENABLE_DEBUG_INFO = INCLUDE_SOURCE;
				MTL_FAST_MATH = YES;
				ONLY_ACTIVE_ARCH = YES;
				SDKROOT = iphoneos;
				SWIFT_ACTIVE_COMPILATION_CONDITIONS = DEBUG;
				SWIFT_OPTIMIZATION_LEVEL = "-Onone";
			};
			name = Debug;
		};
		996BF847211193FE0019490F /* Release */ = {
			isa = XCBuildConfiguration;
			buildSettings = {
				ALWAYS_SEARCH_USER_PATHS = NO;
				CLANG_ANALYZER_NONNULL = YES;
				CLANG_ANALYZER_NUMBER_OBJECT_CONVERSION = YES_AGGRESSIVE;
				CLANG_CXX_LANGUAGE_STANDARD = "gnu++14";
				CLANG_CXX_LIBRARY = "libc++";
				CLANG_ENABLE_MODULES = YES;
				CLANG_ENABLE_OBJC_ARC = YES;
				CLANG_ENABLE_OBJC_WEAK = YES;
				CLANG_WARN_BLOCK_CAPTURE_AUTORELEASING = YES;
				CLANG_WARN_BOOL_CONVERSION = YES;
				CLANG_WARN_COMMA = YES;
				CLANG_WARN_CONSTANT_CONVERSION = YES;
				CLANG_WARN_DEPRECATED_OBJC_IMPLEMENTATIONS = YES;
				CLANG_WARN_DIRECT_OBJC_ISA_USAGE = YES_ERROR;
				CLANG_WARN_DOCUMENTATION_COMMENTS = YES;
				CLANG_WARN_EMPTY_BODY = YES;
				CLANG_WARN_ENUM_CONVERSION = YES;
				CLANG_WARN_INFINITE_RECURSION = YES;
				CLANG_WARN_INT_CONVERSION = YES;
				CLANG_WARN_NON_LITERAL_NULL_CONVERSION = YES;
				CLANG_WARN_OBJC_IMPLICIT_RETAIN_SELF = YES;
				CLANG_WARN_OBJC_LITERAL_CONVERSION = YES;
				CLANG_WARN_OBJC_ROOT_CLASS = YES_ERROR;
				CLANG_WARN_RANGE_LOOP_ANALYSIS = YES;
				CLANG_WARN_STRICT_PROTOTYPES = YES;
				CLANG_WARN_SUSPICIOUS_MOVE = YES;
				CLANG_WARN_UNGUARDED_AVAILABILITY = YES_AGGRESSIVE;
				CLANG_WARN_UNREACHABLE_CODE = YES;
				CLANG_WARN__DUPLICATE_METHOD_MATCH = YES;
				CODE_SIGN_IDENTITY = "iPhone Developer";
				COPY_PHASE_STRIP = NO;
				DEBUG_INFORMATION_FORMAT = "dwarf-with-dsym";
				ENABLE_NS_ASSERTIONS = NO;
				ENABLE_STRICT_OBJC_MSGSEND = YES;
				GCC_C_LANGUAGE_STANDARD = gnu11;
				GCC_NO_COMMON_BLOCKS = YES;
				GCC_WARN_64_TO_32_BIT_CONVERSION = YES;
				GCC_WARN_ABOUT_RETURN_TYPE = YES_ERROR;
				GCC_WARN_UNDECLARED_SELECTOR = YES;
				GCC_WARN_UNINITIALIZED_AUTOS = YES_AGGRESSIVE;
				GCC_WARN_UNUSED_FUNCTION = YES;
				GCC_WARN_UNUSED_VARIABLE = YES;
				IPHONEOS_DEPLOYMENT_TARGET = 12.0;
				MTL_ENABLE_DEBUG_INFO = NO;
				MTL_FAST_MATH = YES;
				SDKROOT = iphoneos;
				SWIFT_COMPILATION_MODE = wholemodule;
				SWIFT_OPTIMIZATION_LEVEL = "-O";
				VALIDATE_PRODUCT = YES;
			};
			name = Release;
		};
		996BF849211193FE0019490F /* Debug */ = {
			isa = XCBuildConfiguration;
			buildSettings = {
				ASSETCATALOG_COMPILER_APPICON_NAME = AppIcon;
				CODE_SIGN_STYLE = Automatic;
				DEVELOPMENT_TEAM = T5TF72MCE6;
				FRAMEWORK_SEARCH_PATHS = (
					"$(inherited)",
					"$(PROJECT_DIR)/Carthage/Build/iOS",
				);
				INFOPLIST_FILE = Example/Info.plist;
				LD_RUNPATH_SEARCH_PATHS = (
					"$(inherited)",
					"@executable_path/Frameworks",
				);
				PRODUCT_BUNDLE_IDENTIFIER = com.gonzalezreal.DirectLineExample;
				PRODUCT_NAME = "$(TARGET_NAME)";
				SWIFT_VERSION = 4.2;
				TARGETED_DEVICE_FAMILY = "1,2";
			};
			name = Debug;
		};
		996BF84A211193FE0019490F /* Release */ = {
			isa = XCBuildConfiguration;
			buildSettings = {
				ASSETCATALOG_COMPILER_APPICON_NAME = AppIcon;
				CODE_SIGN_STYLE = Automatic;
				DEVELOPMENT_TEAM = T5TF72MCE6;
				FRAMEWORK_SEARCH_PATHS = (
					"$(inherited)",
					"$(PROJECT_DIR)/Carthage/Build/iOS",
				);
				INFOPLIST_FILE = Example/Info.plist;
				LD_RUNPATH_SEARCH_PATHS = (
					"$(inherited)",
					"@executable_path/Frameworks",
				);
				PRODUCT_BUNDLE_IDENTIFIER = com.gonzalezreal.DirectLineExample;
				PRODUCT_NAME = "$(TARGET_NAME)";
				SWIFT_VERSION = 4.2;
				TARGETED_DEVICE_FAMILY = "1,2";
			};
			name = Release;
		};
/* End XCBuildConfiguration section */

/* Begin XCConfigurationList section */
		996BF831211193FD0019490F /* Build configuration list for PBXProject "DirectLineExample" */ = {
			isa = XCConfigurationList;
			buildConfigurations = (
				996BF846211193FE0019490F /* Debug */,
				996BF847211193FE0019490F /* Release */,
			);
			defaultConfigurationIsVisible = 0;
			defaultConfigurationName = Release;
		};
		996BF848211193FE0019490F /* Build configuration list for PBXNativeTarget "DirectLineExample" */ = {
			isa = XCConfigurationList;
			buildConfigurations = (
				996BF849211193FE0019490F /* Debug */,
				996BF84A211193FE0019490F /* Release */,
			);
			defaultConfigurationIsVisible = 0;
			defaultConfigurationName = Release;
		};
/* End XCConfigurationList section */
	};
	rootObject = 996BF82E211193FD0019490F /* Project object */;
}
