{
  "object": {
    "pins": [
      {
        "package": "SimpleNetworking",
        "repositoryURL": "https://github.com/gonzalezreal/SimpleNetworking",
        "state": {
          "branch": null,
          "revision": "44c66c8bc86c005af9ca58cc781acf5975b1979c",
          "version": "1.2.0"
        }
      },
      {
        "package": "swift-log",
        "repositoryURL": "https://github.com/apple/swift-log",
        "state": {
          "branch": null,
          "revision": "74d7b91ceebc85daf387ebb206003f78813f71aa",
          "version": "1.2.0"
        }
      }
    ]
  },
  "version": 1
}
