// !$*UTF8*$!
{
	archiveVersion = 1;
	classes = {
	};
	objectVersion = 47;
	objects = {

/* Begin PBXBuildFile section */
		52D6D9871BEFF229002C0205 /* DirectLine.framework in Frameworks */ = {isa = PBXBuildFile; fileRef = 52D6D97C1BEFF229002C0205 /* DirectLine.framework */; };
		8933C7851EB5B820000D00A4 /* DirectLine.swift in Sources */ = {isa = PBXBuildFile; fileRef = 8933C7841EB5B820000D00A4 /* DirectLine.swift */; };
		8933C7861EB5B820000D00A4 /* DirectLine.swift in Sources */ = {isa = PBXBuildFile; fileRef = 8933C7841EB5B820000D00A4 /* DirectLine.swift */; };
		8933C7881EB5B820000D00A4 /* DirectLine.swift in Sources */ = {isa = PBXBuildFile; fileRef = 8933C7841EB5B820000D00A4 /* DirectLine.swift */; };
		8933C78E1EB5B82C000D00A4 /* DirectLineTests.swift in Sources */ = {isa = PBXBuildFile; fileRef = 8933C7891EB5B82A000D00A4 /* DirectLineTests.swift */; };
		8933C78F1EB5B82C000D00A4 /* DirectLineTests.swift in Sources */ = {isa = PBXBuildFile; fileRef = 8933C7891EB5B82A000D00A4 /* DirectLineTests.swift */; };
		8933C7901EB5B82D000D00A4 /* DirectLineTests.swift in Sources */ = {isa = PBXBuildFile; fileRef = 8933C7891EB5B82A000D00A4 /* DirectLineTests.swift */; };
		991831661F408CE8005619A6 /* Media.swift in Sources */ = {isa = PBXBuildFile; fileRef = 991831651F408CE8005619A6 /* Media.swift */; };
		991831671F408CE8005619A6 /* Media.swift in Sources */ = {isa = PBXBuildFile; fileRef = 991831651F408CE8005619A6 /* Media.swift */; };
		991831681F408CE8005619A6 /* Media.swift in Sources */ = {isa = PBXBuildFile; fileRef = 991831651F408CE8005619A6 /* Media.swift */; };
		9918316E1F4092F3005619A6 /* AttachmentTest.swift in Sources */ = {isa = PBXBuildFile; fileRef = 9918316D1F4092F3005619A6 /* AttachmentTest.swift */; };
		9918316F1F4092F3005619A6 /* AttachmentTest.swift in Sources */ = {isa = PBXBuildFile; fileRef = 9918316D1F4092F3005619A6 /* AttachmentTest.swift */; };
		991831701F4092F3005619A6 /* AttachmentTest.swift in Sources */ = {isa = PBXBuildFile; fileRef = 9918316D1F4092F3005619A6 /* AttachmentTest.swift */; };
		991939261F4390DC00842C92 /* SignInCard.swift in Sources */ = {isa = PBXBuildFile; fileRef = 991939251F4390DC00842C92 /* SignInCard.swift */; };
		991939271F4390DC00842C92 /* SignInCard.swift in Sources */ = {isa = PBXBuildFile; fileRef = 991939251F4390DC00842C92 /* SignInCard.swift */; };
		991939281F4390DC00842C92 /* SignInCard.swift in Sources */ = {isa = PBXBuildFile; fileRef = 991939251F4390DC00842C92 /* SignInCard.swift */; };
		995037FA1F3F15A000502D9E /* Conversation.swift in Sources */ = {isa = PBXBuildFile; fileRef = 995037F91F3F15A000502D9E /* Conversation.swift */; };
		995037FB1F3F15BF00502D9E /* Conversation.swift in Sources */ = {isa = PBXBuildFile; fileRef = 995037F91F3F15A000502D9E /* Conversation.swift */; };
		995037FC1F3F15C000502D9E /* Conversation.swift in Sources */ = {isa = PBXBuildFile; fileRef = 995037F91F3F15A000502D9E /* Conversation.swift */; };
		995037FE1F3F16E800502D9E /* ConversationTest.swift in Sources */ = {isa = PBXBuildFile; fileRef = 995037FD1F3F16E800502D9E /* ConversationTest.swift */; };
		995037FF1F3F172200502D9E /* ConversationTest.swift in Sources */ = {isa = PBXBuildFile; fileRef = 995037FD1F3F16E800502D9E /* ConversationTest.swift */; };
		995038001F3F172300502D9E /* ConversationTest.swift in Sources */ = {isa = PBXBuildFile; fileRef = 995037FD1F3F16E800502D9E /* ConversationTest.swift */; };
		995038021F3F2B2600502D9E /* ErrorResponse.swift in Sources */ = {isa = PBXBuildFile; fileRef = 995038011F3F2B2600502D9E /* ErrorResponse.swift */; };
		995038041F3F2C2B00502D9E /* ErrorResponseTest.swift in Sources */ = {isa = PBXBuildFile; fileRef = 995038031F3F2C2B00502D9E /* ErrorResponseTest.swift */; };
		995038051F3F2C2B00502D9E /* ErrorResponseTest.swift in Sources */ = {isa = PBXBuildFile; fileRef = 995038031F3F2C2B00502D9E /* ErrorResponseTest.swift */; };
		995038061F3F2C2B00502D9E /* ErrorResponseTest.swift in Sources */ = {isa = PBXBuildFile; fileRef = 995038031F3F2C2B00502D9E /* ErrorResponseTest.swift */; };
		995038071F3F2C3400502D9E /* ErrorResponse.swift in Sources */ = {isa = PBXBuildFile; fileRef = 995038011F3F2B2600502D9E /* ErrorResponse.swift */; };
		995038081F3F2C3500502D9E /* ErrorResponse.swift in Sources */ = {isa = PBXBuildFile; fileRef = 995038011F3F2B2600502D9E /* ErrorResponse.swift */; };
		995525881F42C53800E6CF1E /* HeroCard.swift in Sources */ = {isa = PBXBuildFile; fileRef = 995525871F42C53800E6CF1E /* HeroCard.swift */; };
		995525891F42C53800E6CF1E /* HeroCard.swift in Sources */ = {isa = PBXBuildFile; fileRef = 995525871F42C53800E6CF1E /* HeroCard.swift */; };
		9955258A1F42C53800E6CF1E /* HeroCard.swift in Sources */ = {isa = PBXBuildFile; fileRef = 995525871F42C53800E6CF1E /* HeroCard.swift */; };
		995525901F42C9CC00E6CF1E /* CardImage.swift in Sources */ = {isa = PBXBuildFile; fileRef = 9955258F1F42C9CC00E6CF1E /* CardImage.swift */; };
		995525911F42C9CC00E6CF1E /* CardImage.swift in Sources */ = {isa = PBXBuildFile; fileRef = 9955258F1F42C9CC00E6CF1E /* CardImage.swift */; };
		995525921F42C9CC00E6CF1E /* CardImage.swift in Sources */ = {isa = PBXBuildFile; fileRef = 9955258F1F42C9CC00E6CF1E /* CardImage.swift */; };
		995525941F43649600E6CF1E /* ThumbnailCard.swift in Sources */ = {isa = PBXBuildFile; fileRef = 995525931F43649600E6CF1E /* ThumbnailCard.swift */; };
		995525951F43649600E6CF1E /* ThumbnailCard.swift in Sources */ = {isa = PBXBuildFile; fileRef = 995525931F43649600E6CF1E /* ThumbnailCard.swift */; };
		995525961F43649600E6CF1E /* ThumbnailCard.swift in Sources */ = {isa = PBXBuildFile; fileRef = 995525931F43649600E6CF1E /* ThumbnailCard.swift */; };
		995525981F43680F00E6CF1E /* ReceiptCard.swift in Sources */ = {isa = PBXBuildFile; fileRef = 995525971F43680F00E6CF1E /* ReceiptCard.swift */; };
		995525991F43680F00E6CF1E /* ReceiptCard.swift in Sources */ = {isa = PBXBuildFile; fileRef = 995525971F43680F00E6CF1E /* ReceiptCard.swift */; };
		9955259A1F43680F00E6CF1E /* ReceiptCard.swift in Sources */ = {isa = PBXBuildFile; fileRef = 995525971F43680F00E6CF1E /* ReceiptCard.swift */; };
		9955259C1F43688000E6CF1E /* Fact.swift in Sources */ = {isa = PBXBuildFile; fileRef = 9955259B1F43688000E6CF1E /* Fact.swift */; };
		9955259D1F43688000E6CF1E /* Fact.swift in Sources */ = {isa = PBXBuildFile; fileRef = 9955259B1F43688000E6CF1E /* Fact.swift */; };
		9955259E1F43688000E6CF1E /* Fact.swift in Sources */ = {isa = PBXBuildFile; fileRef = 9955259B1F43688000E6CF1E /* Fact.swift */; };
		995525A01F4389B200E6CF1E /* ReceiptItem.swift in Sources */ = {isa = PBXBuildFile; fileRef = 9955259F1F4389B200E6CF1E /* ReceiptItem.swift */; };
		995525A11F4389B200E6CF1E /* ReceiptItem.swift in Sources */ = {isa = PBXBuildFile; fileRef = 9955259F1F4389B200E6CF1E /* ReceiptItem.swift */; };
		995525A21F4389B200E6CF1E /* ReceiptItem.swift in Sources */ = {isa = PBXBuildFile; fileRef = 9955259F1F4389B200E6CF1E /* ReceiptItem.swift */; };
		9958C5411F3F981E00CA5F97 /* RxSwift.framework in Frameworks */ = {isa = PBXBuildFile; fileRef = 9958C5401F3F981E00CA5F97 /* RxSwift.framework */; };
		9958C5431F3F995E00CA5F97 /* RxSwift.framework in Frameworks */ = {isa = PBXBuildFile; fileRef = 9958C5401F3F981E00CA5F97 /* RxSwift.framework */; };
		9958C5451F3F99E100CA5F97 /* RxSwift.framework in CopyFiles */ = {isa = PBXBuildFile; fileRef = 9958C5401F3F981E00CA5F97 /* RxSwift.framework */; settings = {ATTRIBUTES = (CodeSignOnCopy, RemoveHeadersOnCopy, ); }; };
		9958C5471F3F9A2E00CA5F97 /* RxSwift.framework in Frameworks */ = {isa = PBXBuildFile; fileRef = 9958C5461F3F9A2E00CA5F97 /* RxSwift.framework */; };
		9958C5491F3F9AC700CA5F97 /* RxSwift.framework in Frameworks */ = {isa = PBXBuildFile; fileRef = 9958C5461F3F9A2E00CA5F97 /* RxSwift.framework */; };
		9958C54B1F3F9AFD00CA5F97 /* RxSwift.framework in CopyFiles */ = {isa = PBXBuildFile; fileRef = 9958C5461F3F9A2E00CA5F97 /* RxSwift.framework */; settings = {ATTRIBUTES = (CodeSignOnCopy, RemoveHeadersOnCopy, ); }; };
		9958C54D1F3F9B7C00CA5F97 /* RxSwift.framework in Frameworks */ = {isa = PBXBuildFile; fileRef = 9958C54C1F3F9B7C00CA5F97 /* RxSwift.framework */; };
		9958C5521F3F9BEF00CA5F97 /* RxSwift.framework in Frameworks */ = {isa = PBXBuildFile; fileRef = 9958C54C1F3F9B7C00CA5F97 /* RxSwift.framework */; };
		9958C5541F3F9C0300CA5F97 /* RxSwift.framework in CopyFiles */ = {isa = PBXBuildFile; fileRef = 9958C54C1F3F9B7C00CA5F97 /* RxSwift.framework */; settings = {ATTRIBUTES = (CodeSignOnCopy, RemoveHeadersOnCopy, ); }; };
		996A825A1F40401100C36B75 /* Starscream.framework in Frameworks */ = {isa = PBXBuildFile; fileRef = 996A82591F40401100C36B75 /* Starscream.framework */; };
		996A825B1F40407900C36B75 /* Starscream.framework in Frameworks */ = {isa = PBXBuildFile; fileRef = 996A82591F40401100C36B75 /* Starscream.framework */; };
		996A825C1F40408700C36B75 /* Starscream.framework in CopyFiles */ = {isa = PBXBuildFile; fileRef = 996A82591F40401100C36B75 /* Starscream.framework */; settings = {ATTRIBUTES = (CodeSignOnCopy, RemoveHeadersOnCopy, ); }; };
		996A825E1F40438E00C36B75 /* Starscream.framework in Frameworks */ = {isa = PBXBuildFile; fileRef = 996A825D1F40438E00C36B75 /* Starscream.framework */; };
		996A82601F4043BE00C36B75 /* Starscream.framework in CopyFiles */ = {isa = PBXBuildFile; fileRef = 996A825D1F40438E00C36B75 /* Starscream.framework */; settings = {ATTRIBUTES = (CodeSignOnCopy, RemoveHeadersOnCopy, ); }; };
		996A82651F40449000C36B75 /* Starscream.framework in Frameworks */ = {isa = PBXBuildFile; fileRef = 996A82641F40449000C36B75 /* Starscream.framework */; };
		996A82661F4044E000C36B75 /* Starscream.framework in Frameworks */ = {isa = PBXBuildFile; fileRef = 996A82641F40449000C36B75 /* Starscream.framework */; };
		996A82681F4044F900C36B75 /* Starscream.framework in CopyFiles */ = {isa = PBXBuildFile; fileRef = 996A82641F40449000C36B75 /* Starscream.framework */; settings = {ATTRIBUTES = (CodeSignOnCopy, RemoveHeadersOnCopy, ); }; };
		996A826A1F404A6700C36B75 /* Activity.swift in Sources */ = {isa = PBXBuildFile; fileRef = 996A82691F404A6700C36B75 /* Activity.swift */; };
		996A826B1F404A6700C36B75 /* Activity.swift in Sources */ = {isa = PBXBuildFile; fileRef = 996A82691F404A6700C36B75 /* Activity.swift */; };
		996A826C1F404A6700C36B75 /* Activity.swift in Sources */ = {isa = PBXBuildFile; fileRef = 996A82691F404A6700C36B75 /* Activity.swift */; };
		996A826E1F40565500C36B75 /* ActivitySet.swift in Sources */ = {isa = PBXBuildFile; fileRef = 996A826D1F40565500C36B75 /* ActivitySet.swift */; };
		996A826F1F40565500C36B75 /* ActivitySet.swift in Sources */ = {isa = PBXBuildFile; fileRef = 996A826D1F40565500C36B75 /* ActivitySet.swift */; };
		996A82701F40565500C36B75 /* ActivitySet.swift in Sources */ = {isa = PBXBuildFile; fileRef = 996A826D1F40565500C36B75 /* ActivitySet.swift */; };
		996A82721F405BD100C36B75 /* ActivitySetTest.swift in Sources */ = {isa = PBXBuildFile; fileRef = 996A82711F405BD100C36B75 /* ActivitySetTest.swift */; };
		996A82731F405BD100C36B75 /* ActivitySetTest.swift in Sources */ = {isa = PBXBuildFile; fileRef = 996A82711F405BD100C36B75 /* ActivitySetTest.swift */; };
		996A82741F405BD100C36B75 /* ActivitySetTest.swift in Sources */ = {isa = PBXBuildFile; fileRef = 996A82711F405BD100C36B75 /* ActivitySetTest.swift */; };
		996A82761F4061C500C36B75 /* Attachment.swift in Sources */ = {isa = PBXBuildFile; fileRef = 996A82751F4061C500C36B75 /* Attachment.swift */; };
		996A82771F4061C500C36B75 /* Attachment.swift in Sources */ = {isa = PBXBuildFile; fileRef = 996A82751F4061C500C36B75 /* Attachment.swift */; };
		996A82781F4061C500C36B75 /* Attachment.swift in Sources */ = {isa = PBXBuildFile; fileRef = 996A82751F4061C500C36B75 /* Attachment.swift */; };
		99DB54C01F40B40C00C97DB9 /* AdaptiveCard.swift in Sources */ = {isa = PBXBuildFile; fileRef = 99DB54BF1F40B40C00C97DB9 /* AdaptiveCard.swift */; };
		99DB54C11F40B40C00C97DB9 /* AdaptiveCard.swift in Sources */ = {isa = PBXBuildFile; fileRef = 99DB54BF1F40B40C00C97DB9 /* AdaptiveCard.swift */; };
		99DB54C21F40B40C00C97DB9 /* AdaptiveCard.swift in Sources */ = {isa = PBXBuildFile; fileRef = 99DB54BF1F40B40C00C97DB9 /* AdaptiveCard.swift */; };
		99DB54C41F40BA7000C97DB9 /* CardAction.swift in Sources */ = {isa = PBXBuildFile; fileRef = 99DB54C31F40BA7000C97DB9 /* CardAction.swift */; };
		99DB54C51F40BA7000C97DB9 /* CardAction.swift in Sources */ = {isa = PBXBuildFile; fileRef = 99DB54C31F40BA7000C97DB9 /* CardAction.swift */; };
		99DB54C61F40BA7000C97DB9 /* CardAction.swift in Sources */ = {isa = PBXBuildFile; fileRef = 99DB54C31F40BA7000C97DB9 /* CardAction.swift */; };
		99DB54C81F41A56200C97DB9 /* CardActionTest.swift in Sources */ = {isa = PBXBuildFile; fileRef = 99DB54C71F41A56200C97DB9 /* CardActionTest.swift */; };
		99DB54C91F41A56200C97DB9 /* CardActionTest.swift in Sources */ = {isa = PBXBuildFile; fileRef = 99DB54C71F41A56200C97DB9 /* CardActionTest.swift */; };
		99DB54CA1F41A56200C97DB9 /* CardActionTest.swift in Sources */ = {isa = PBXBuildFile; fileRef = 99DB54C71F41A56200C97DB9 /* CardActionTest.swift */; };
		99DB54CC1F41B18700C97DB9 /* ThumbnailURL.swift in Sources */ = {isa = PBXBuildFile; fileRef = 99DB54CB1F41B18700C97DB9 /* ThumbnailURL.swift */; };
		99DB54CD1F41B18700C97DB9 /* ThumbnailURL.swift in Sources */ = {isa = PBXBuildFile; fileRef = 99DB54CB1F41B18700C97DB9 /* ThumbnailURL.swift */; };
		99DB54CE1F41B18700C97DB9 /* ThumbnailURL.swift in Sources */ = {isa = PBXBuildFile; fileRef = 99DB54CB1F41B18700C97DB9 /* ThumbnailURL.swift */; };
		99DB54D01F41B2F100C97DB9 /* MediaURL.swift in Sources */ = {isa = PBXBuildFile; fileRef = 99DB54CF1F41B2F100C97DB9 /* MediaURL.swift */; };
		99DB54D11F41B2F100C97DB9 /* MediaURL.swift in Sources */ = {isa = PBXBuildFile; fileRef = 99DB54CF1F41B2F100C97DB9 /* MediaURL.swift */; };
		99DB54D21F41B2F100C97DB9 /* MediaURL.swift in Sources */ = {isa = PBXBuildFile; fileRef = 99DB54CF1F41B2F100C97DB9 /* MediaURL.swift */; };
		99DB54D41F41B3EF00C97DB9 /* AnimationCard.swift in Sources */ = {isa = PBXBuildFile; fileRef = 99DB54D31F41B3EF00C97DB9 /* AnimationCard.swift */; };
		99DB54D51F41B3EF00C97DB9 /* AnimationCard.swift in Sources */ = {isa = PBXBuildFile; fileRef = 99DB54D31F41B3EF00C97DB9 /* AnimationCard.swift */; };
		99DB54D61F41B3EF00C97DB9 /* AnimationCard.swift in Sources */ = {isa = PBXBuildFile; fileRef = 99DB54D31F41B3EF00C97DB9 /* AnimationCard.swift */; };
		99DB54D81F423BCE00C97DB9 /* AnimationCardTest.swift in Sources */ = {isa = PBXBuildFile; fileRef = 99DB54D71F423BCE00C97DB9 /* AnimationCardTest.swift */; };
		99DB54D91F423BCE00C97DB9 /* AnimationCardTest.swift in Sources */ = {isa = PBXBuildFile; fileRef = 99DB54D71F423BCE00C97DB9 /* AnimationCardTest.swift */; };
		99DB54DA1F423BCE00C97DB9 /* AnimationCardTest.swift in Sources */ = {isa = PBXBuildFile; fileRef = 99DB54D71F423BCE00C97DB9 /* AnimationCardTest.swift */; };
		99DB54DC1F4242EA00C97DB9 /* AudioCard.swift in Sources */ = {isa = PBXBuildFile; fileRef = 99DB54DB1F4242EA00C97DB9 /* AudioCard.swift */; };
		99DB54DD1F4242EA00C97DB9 /* AudioCard.swift in Sources */ = {isa = PBXBuildFile; fileRef = 99DB54DB1F4242EA00C97DB9 /* AudioCard.swift */; };
		99DB54DE1F4242EA00C97DB9 /* AudioCard.swift in Sources */ = {isa = PBXBuildFile; fileRef = 99DB54DB1F4242EA00C97DB9 /* AudioCard.swift */; };
		99DB54E01F42458100C97DB9 /* AudioCardTest.swift in Sources */ = {isa = PBXBuildFile; fileRef = 99DB54DF1F42458100C97DB9 /* AudioCardTest.swift */; };
		99DB54E11F42458100C97DB9 /* AudioCardTest.swift in Sources */ = {isa = PBXBuildFile; fileRef = 99DB54DF1F42458100C97DB9 /* AudioCardTest.swift */; };
		99DB54E21F42458100C97DB9 /* AudioCardTest.swift in Sources */ = {isa = PBXBuildFile; fileRef = 99DB54DF1F42458100C97DB9 /* AudioCardTest.swift */; };
		99DB54E41F42497200C97DB9 /* VideoCard.swift in Sources */ = {isa = PBXBuildFile; fileRef = 99DB54E31F42497200C97DB9 /* VideoCard.swift */; };
		99DB54E51F42497200C97DB9 /* VideoCard.swift in Sources */ = {isa = PBXBuildFile; fileRef = 99DB54E31F42497200C97DB9 /* VideoCard.swift */; };
		99DB54E61F42497200C97DB9 /* VideoCard.swift in Sources */ = {isa = PBXBuildFile; fileRef = 99DB54E31F42497200C97DB9 /* VideoCard.swift */; };
		99DB54E81F424A9D00C97DB9 /* VideoCardTest.swift in Sources */ = {isa = PBXBuildFile; fileRef = 99DB54E71F424A9D00C97DB9 /* VideoCardTest.swift */; };
		99DB54E91F424A9D00C97DB9 /* VideoCardTest.swift in Sources */ = {isa = PBXBuildFile; fileRef = 99DB54E71F424A9D00C97DB9 /* VideoCardTest.swift */; };
		99DB54EA1F424A9D00C97DB9 /* VideoCardTest.swift in Sources */ = {isa = PBXBuildFile; fileRef = 99DB54E71F424A9D00C97DB9 /* VideoCardTest.swift */; };
		DD7502881C68FEDE006590AF /* DirectLine.framework in Frameworks */ = {isa = PBXBuildFile; fileRef = 52D6DA0F1BF000BD002C0205 /* DirectLine.framework */; };
		DD7502921C690C7A006590AF /* DirectLine.framework in Frameworks */ = {isa = PBXBuildFile; fileRef = 52D6D9F01BEFFFBE002C0205 /* DirectLine.framework */; };
/* End PBXBuildFile section */

/* Begin PBXContainerItemProxy section */
		52D6D9881BEFF229002C0205 /* PBXContainerItemProxy */ = {
			isa = PBXContainerItemProxy;
			containerPortal = 52D6D9731BEFF229002C0205 /* Project object */;
			proxyType = 1;
			remoteGlobalIDString = 52D6D97B1BEFF229002C0205;
			remoteInfo = DirectLine;
		};
		DD7502801C68FCFC006590AF /* PBXContainerItemProxy */ = {
			isa = PBXContainerItemProxy;
			containerPortal = 52D6D9731BEFF229002C0205 /* Project object */;
			proxyType = 1;
			remoteGlobalIDString = 52D6DA0E1BF000BD002C0205;
			remoteInfo = "DirectLine-macOS";
		};
		DD7502931C690C7A006590AF /* PBXContainerItemProxy */ = {
			isa = PBXContainerItemProxy;
			containerPortal = 52D6D9731BEFF229002C0205 /* Project object */;
			proxyType = 1;
			remoteGlobalIDString = 52D6D9EF1BEFFFBE002C0205;
			remoteInfo = "DirectLine-tvOS";
		};
/* End PBXContainerItemProxy section */

/* Begin PBXCopyFilesBuildPhase section */
		9958C5441F3F99C900CA5F97 /* CopyFiles */ = {
			isa = PBXCopyFilesBuildPhase;
			buildActionMask = 2147483647;
			dstPath = "";
			dstSubfolderSpec = 10;
			files = (
				996A825C1F40408700C36B75 /* Starscream.framework in CopyFiles */,
				9958C5451F3F99E100CA5F97 /* RxSwift.framework in CopyFiles */,
			);
			runOnlyForDeploymentPostprocessing = 0;
		};
		9958C54A1F3F9AE800CA5F97 /* CopyFiles */ = {
			isa = PBXCopyFilesBuildPhase;
			buildActionMask = 2147483647;
			dstPath = "";
			dstSubfolderSpec = 10;
			files = (
				996A82681F4044F900C36B75 /* Starscream.framework in CopyFiles */,
				9958C54B1F3F9AFD00CA5F97 /* RxSwift.framework in CopyFiles */,
			);
			runOnlyForDeploymentPostprocessing = 0;
		};
		9958C5531F3F9BF700CA5F97 /* CopyFiles */ = {
			isa = PBXCopyFilesBuildPhase;
			buildActionMask = 2147483647;
			dstPath = "";
			dstSubfolderSpec = 10;
			files = (
				996A82601F4043BE00C36B75 /* Starscream.framework in CopyFiles */,
				9958C5541F3F9C0300CA5F97 /* RxSwift.framework in CopyFiles */,
			);
			runOnlyForDeploymentPostprocessing = 0;
		};
/* End PBXCopyFilesBuildPhase section */

/* Begin PBXFileReference section */
		52D6D97C1BEFF229002C0205 /* DirectLine.framework */ = {isa = PBXFileReference; explicitFileType = wrapper.framework; includeInIndex = 0; path = DirectLine.framework; sourceTree = BUILT_PRODUCTS_DIR; };
		52D6D9861BEFF229002C0205 /* DirectLine-iOS Tests.xctest */ = {isa = PBXFileReference; explicitFileType = wrapper.cfbundle; includeInIndex = 0; path = "DirectLine-iOS Tests.xctest"; sourceTree = BUILT_PRODUCTS_DIR; };
		52D6D9F01BEFFFBE002C0205 /* DirectLine.framework */ = {isa = PBXFileReference; explicitFileType = wrapper.framework; includeInIndex = 0; path = DirectLine.framework; sourceTree = BUILT_PRODUCTS_DIR; };
		52D6DA0F1BF000BD002C0205 /* DirectLine.framework */ = {isa = PBXFileReference; explicitFileType = wrapper.framework; includeInIndex = 0; path = DirectLine.framework; sourceTree = BUILT_PRODUCTS_DIR; };
		8933C7841EB5B820000D00A4 /* DirectLine.swift */ = {isa = PBXFileReference; fileEncoding = 4; lastKnownFileType = sourcecode.swift; path = DirectLine.swift; sourceTree = "<group>"; };
		8933C7891EB5B82A000D00A4 /* DirectLineTests.swift */ = {isa = PBXFileReference; fileEncoding = 4; lastKnownFileType = sourcecode.swift; path = DirectLineTests.swift; sourceTree = "<group>"; };
		991831651F408CE8005619A6 /* Media.swift */ = {isa = PBXFileReference; lastKnownFileType = sourcecode.swift; path = Media.swift; sourceTree = "<group>"; };
		9918316D1F4092F3005619A6 /* AttachmentTest.swift */ = {isa = PBXFileReference; lastKnownFileType = sourcecode.swift; path = AttachmentTest.swift; sourceTree = "<group>"; };
		991939251F4390DC00842C92 /* SignInCard.swift */ = {isa = PBXFileReference; lastKnownFileType = sourcecode.swift; path = SignInCard.swift; sourceTree = "<group>"; };
		995037F91F3F15A000502D9E /* Conversation.swift */ = {isa = PBXFileReference; lastKnownFileType = sourcecode.swift; path = Conversation.swift; sourceTree = "<group>"; };
		995037FD1F3F16E800502D9E /* ConversationTest.swift */ = {isa = PBXFileReference; lastKnownFileType = sourcecode.swift; path = ConversationTest.swift; sourceTree = "<group>"; };
		995038011F3F2B2600502D9E /* ErrorResponse.swift */ = {isa = PBXFileReference; lastKnownFileType = sourcecode.swift; path = ErrorResponse.swift; sourceTree = "<group>"; };
		995038031F3F2C2B00502D9E /* ErrorResponseTest.swift */ = {isa = PBXFileReference; lastKnownFileType = sourcecode.swift; path = ErrorResponseTest.swift; sourceTree = "<group>"; };
		995525871F42C53800E6CF1E /* HeroCard.swift */ = {isa = PBXFileReference; lastKnownFileType = sourcecode.swift; path = HeroCard.swift; sourceTree = "<group>"; };
		9955258F1F42C9CC00E6CF1E /* CardImage.swift */ = {isa = PBXFileReference; lastKnownFileType = sourcecode.swift; path = CardImage.swift; sourceTree = "<group>"; };
		995525931F43649600E6CF1E /* ThumbnailCard.swift */ = {isa = PBXFileReference; lastKnownFileType = sourcecode.swift; path = ThumbnailCard.swift; sourceTree = "<group>"; };
		995525971F43680F00E6CF1E /* ReceiptCard.swift */ = {isa = PBXFileReference; lastKnownFileType = sourcecode.swift; path = ReceiptCard.swift; sourceTree = "<group>"; };
		9955259B1F43688000E6CF1E /* Fact.swift */ = {isa = PBXFileReference; lastKnownFileType = sourcecode.swift; path = Fact.swift; sourceTree = "<group>"; };
		9955259F1F4389B200E6CF1E /* ReceiptItem.swift */ = {isa = PBXFileReference; lastKnownFileType = sourcecode.swift; path = ReceiptItem.swift; sourceTree = "<group>"; };
		9958C5401F3F981E00CA5F97 /* RxSwift.framework */ = {isa = PBXFileReference; lastKnownFileType = wrapper.framework; name = RxSwift.framework; path = Carthage/Build/iOS/RxSwift.framework; sourceTree = "<group>"; };
		9958C5461F3F9A2E00CA5F97 /* RxSwift.framework */ = {isa = PBXFileReference; lastKnownFileType = wrapper.framework; name = RxSwift.framework; path = Carthage/Build/tvOS/RxSwift.framework; sourceTree = "<group>"; };
		9958C54C1F3F9B7C00CA5F97 /* RxSwift.framework */ = {isa = PBXFileReference; lastKnownFileType = wrapper.framework; name = RxSwift.framework; path = Carthage/Build/Mac/RxSwift.framework; sourceTree = "<group>"; };
		996A82591F40401100C36B75 /* Starscream.framework */ = {isa = PBXFileReference; lastKnownFileType = wrapper.framework; name = Starscream.framework; path = Carthage/Build/iOS/Starscream.framework; sourceTree = "<group>"; };
		996A825D1F40438E00C36B75 /* Starscream.framework */ = {isa = PBXFileReference; lastKnownFileType = wrapper.framework; name = Starscream.framework; path = Carthage/Build/Mac/Starscream.framework; sourceTree = "<group>"; };
		996A82641F40449000C36B75 /* Starscream.framework */ = {isa = PBXFileReference; lastKnownFileType = wrapper.framework; name = Starscream.framework; path = Carthage/Build/tvOS/Starscream.framework; sourceTree = "<group>"; };
		996A82691F404A6700C36B75 /* Activity.swift */ = {isa = PBXFileReference; lastKnownFileType = sourcecode.swift; path = Activity.swift; sourceTree = "<group>"; };
		996A826D1F40565500C36B75 /* ActivitySet.swift */ = {isa = PBXFileReference; lastKnownFileType = sourcecode.swift; path = ActivitySet.swift; sourceTree = "<group>"; };
		996A82711F405BD100C36B75 /* ActivitySetTest.swift */ = {isa = PBXFileReference; lastKnownFileType = sourcecode.swift; path = ActivitySetTest.swift; sourceTree = "<group>"; };
		996A82751F4061C500C36B75 /* Attachment.swift */ = {isa = PBXFileReference; lastKnownFileType = sourcecode.swift; path = Attachment.swift; sourceTree = "<group>"; };
		99DB54BF1F40B40C00C97DB9 /* AdaptiveCard.swift */ = {isa = PBXFileReference; lastKnownFileType = sourcecode.swift; path = AdaptiveCard.swift; sourceTree = "<group>"; };
		99DB54C31F40BA7000C97DB9 /* CardAction.swift */ = {isa = PBXFileReference; lastKnownFileType = sourcecode.swift; path = CardAction.swift; sourceTree = "<group>"; };
		99DB54C71F41A56200C97DB9 /* CardActionTest.swift */ = {isa = PBXFileReference; lastKnownFileType = sourcecode.swift; path = CardActionTest.swift; sourceTree = "<group>"; };
		99DB54CB1F41B18700C97DB9 /* ThumbnailURL.swift */ = {isa = PBXFileReference; lastKnownFileType = sourcecode.swift; path = ThumbnailURL.swift; sourceTree = "<group>"; };
		99DB54CF1F41B2F100C97DB9 /* MediaURL.swift */ = {isa = PBXFileReference; lastKnownFileType = sourcecode.swift; path = MediaURL.swift; sourceTree = "<group>"; };
		99DB54D31F41B3EF00C97DB9 /* AnimationCard.swift */ = {isa = PBXFileReference; lastKnownFileType = sourcecode.swift; path = AnimationCard.swift; sourceTree = "<group>"; };
		99DB54D71F423BCE00C97DB9 /* AnimationCardTest.swift */ = {isa = PBXFileReference; lastKnownFileType = sourcecode.swift; path = AnimationCardTest.swift; sourceTree = "<group>"; };
		99DB54DB1F4242EA00C97DB9 /* AudioCard.swift */ = {isa = PBXFileReference; lastKnownFileType = sourcecode.swift; path = AudioCard.swift; sourceTree = "<group>"; };
		99DB54DF1F42458100C97DB9 /* AudioCardTest.swift */ = {isa = PBXFileReference; lastKnownFileType = sourcecode.swift; path = AudioCardTest.swift; sourceTree = "<group>"; };
		99DB54E31F42497200C97DB9 /* VideoCard.swift */ = {isa = PBXFileReference; lastKnownFileType = sourcecode.swift; path = VideoCard.swift; sourceTree = "<group>"; };
		99DB54E71F424A9D00C97DB9 /* VideoCardTest.swift */ = {isa = PBXFileReference; lastKnownFileType = sourcecode.swift; path = VideoCardTest.swift; sourceTree = "<group>"; };
		AD2FAA261CD0B6D800659CF4 /* DirectLine.plist */ = {isa = PBXFileReference; fileEncoding = 4; lastKnownFileType = text.plist.xml; path = DirectLine.plist; sourceTree = "<group>"; };
		AD2FAA281CD0B6E100659CF4 /* DirectLineTests.plist */ = {isa = PBXFileReference; fileEncoding = 4; lastKnownFileType = text.plist.xml; path = DirectLineTests.plist; sourceTree = "<group>"; };
		DD75027A1C68FCFC006590AF /* DirectLine-macOS Tests.xctest */ = {isa = PBXFileReference; explicitFileType = wrapper.cfbundle; includeInIndex = 0; path = "DirectLine-macOS Tests.xctest"; sourceTree = BUILT_PRODUCTS_DIR; };
		DD75028D1C690C7A006590AF /* DirectLine-tvOS Tests.xctest */ = {isa = PBXFileReference; explicitFileType = wrapper.cfbundle; includeInIndex = 0; path = "DirectLine-tvOS Tests.xctest"; sourceTree = BUILT_PRODUCTS_DIR; };
/* End PBXFileReference section */

/* Begin PBXFrameworksBuildPhase section */
		52D6D9781BEFF229002C0205 /* Frameworks */ = {
			isa = PBXFrameworksBuildPhase;
			buildActionMask = 2147483647;
			files = (
				996A825A1F40401100C36B75 /* Starscream.framework in Frameworks */,
				9958C5411F3F981E00CA5F97 /* RxSwift.framework in Frameworks */,
			);
			runOnlyForDeploymentPostprocessing = 0;
		};
		52D6D9831BEFF229002C0205 /* Frameworks */ = {
			isa = PBXFrameworksBuildPhase;
			buildActionMask = 2147483647;
			files = (
				996A825B1F40407900C36B75 /* Starscream.framework in Frameworks */,
				9958C5431F3F995E00CA5F97 /* RxSwift.framework in Frameworks */,
				52D6D9871BEFF229002C0205 /* DirectLine.framework in Frameworks */,
			);
			runOnlyForDeploymentPostprocessing = 0;
		};
		52D6D9EC1BEFFFBE002C0205 /* Frameworks */ = {
			isa = PBXFrameworksBuildPhase;
			buildActionMask = 2147483647;
			files = (
				996A82651F40449000C36B75 /* Starscream.framework in Frameworks */,
				9958C5471F3F9A2E00CA5F97 /* RxSwift.framework in Frameworks */,
			);
			runOnlyForDeploymentPostprocessing = 0;
		};
		52D6DA0B1BF000BD002C0205 /* Frameworks */ = {
			isa = PBXFrameworksBuildPhase;
			buildActionMask = 2147483647;
			files = (
				996A825E1F40438E00C36B75 /* Starscream.framework in Frameworks */,
				9958C54D1F3F9B7C00CA5F97 /* RxSwift.framework in Frameworks */,
			);
			runOnlyForDeploymentPostprocessing = 0;
		};
		DD7502771C68FCFC006590AF /* Frameworks */ = {
			isa = PBXFrameworksBuildPhase;
			buildActionMask = 2147483647;
			files = (
				9958C5521F3F9BEF00CA5F97 /* RxSwift.framework in Frameworks */,
				DD7502881C68FEDE006590AF /* DirectLine.framework in Frameworks */,
			);
			runOnlyForDeploymentPostprocessing = 0;
		};
		DD75028A1C690C7A006590AF /* Frameworks */ = {
			isa = PBXFrameworksBuildPhase;
			buildActionMask = 2147483647;
			files = (
				996A82661F4044E000C36B75 /* Starscream.framework in Frameworks */,
				9958C5491F3F9AC700CA5F97 /* RxSwift.framework in Frameworks */,
				DD7502921C690C7A006590AF /* DirectLine.framework in Frameworks */,
			);
			runOnlyForDeploymentPostprocessing = 0;
		};
/* End PBXFrameworksBuildPhase section */

/* Begin PBXGroup section */
		52D6D9721BEFF229002C0205 = {
			isa = PBXGroup;
			children = (
				8933C7811EB5B7E0000D00A4 /* Sources */,
				8933C7831EB5B7EB000D00A4 /* Tests */,
				52D6D99C1BEFF38C002C0205 /* Configs */,
				52D6D97D1BEFF229002C0205 /* Products */,
				9958C53F1F3F981D00CA5F97 /* Frameworks */,
			);
			sourceTree = "<group>";
		};
		52D6D97D1BEFF229002C0205 /* Products */ = {
			isa = PBXGroup;
			children = (
				52D6D97C1BEFF229002C0205 /* DirectLine.framework */,
				52D6D9861BEFF229002C0205 /* DirectLine-iOS Tests.xctest */,
				52D6D9F01BEFFFBE002C0205 /* DirectLine.framework */,
				52D6DA0F1BF000BD002C0205 /* DirectLine.framework */,
				DD75027A1C68FCFC006590AF /* DirectLine-macOS Tests.xctest */,
				DD75028D1C690C7A006590AF /* DirectLine-tvOS Tests.xctest */,
			);
			name = Products;
			sourceTree = "<group>";
		};
		52D6D99C1BEFF38C002C0205 /* Configs */ = {
			isa = PBXGroup;
			children = (
				DD7502721C68FC1B006590AF /* Frameworks */,
				DD7502731C68FC20006590AF /* Tests */,
			);
			path = Configs;
			sourceTree = "<group>";
		};
		8933C7811EB5B7E0000D00A4 /* Sources */ = {
			isa = PBXGroup;
			children = (
				8933C7841EB5B820000D00A4 /* DirectLine.swift */,
				995037F91F3F15A000502D9E /* Conversation.swift */,
				995038011F3F2B2600502D9E /* ErrorResponse.swift */,
				996A82691F404A6700C36B75 /* Activity.swift */,
				996A826D1F40565500C36B75 /* ActivitySet.swift */,
				996A82751F4061C500C36B75 /* Attachment.swift */,
				991831651F408CE8005619A6 /* Media.swift */,
				99DB54BF1F40B40C00C97DB9 /* AdaptiveCard.swift */,
				99DB54C31F40BA7000C97DB9 /* CardAction.swift */,
				99DB54CB1F41B18700C97DB9 /* ThumbnailURL.swift */,
				99DB54CF1F41B2F100C97DB9 /* MediaURL.swift */,
				99DB54D31F41B3EF00C97DB9 /* AnimationCard.swift */,
				99DB54DB1F4242EA00C97DB9 /* AudioCard.swift */,
				99DB54E31F42497200C97DB9 /* VideoCard.swift */,
				9955258F1F42C9CC00E6CF1E /* CardImage.swift */,
				995525871F42C53800E6CF1E /* HeroCard.swift */,
				995525931F43649600E6CF1E /* ThumbnailCard.swift */,
				9955259B1F43688000E6CF1E /* Fact.swift */,
				9955259F1F4389B200E6CF1E /* ReceiptItem.swift */,
				995525971F43680F00E6CF1E /* ReceiptCard.swift */,
				991939251F4390DC00842C92 /* SignInCard.swift */,
			);
			path = Sources;
			sourceTree = "<group>";
		};
		8933C7831EB5B7EB000D00A4 /* Tests */ = {
			isa = PBXGroup;
			children = (
				8933C7891EB5B82A000D00A4 /* DirectLineTests.swift */,
				995037FD1F3F16E800502D9E /* ConversationTest.swift */,
				995038031F3F2C2B00502D9E /* ErrorResponseTest.swift */,
				996A82711F405BD100C36B75 /* ActivitySetTest.swift */,
				9918316D1F4092F3005619A6 /* AttachmentTest.swift */,
				99DB54C71F41A56200C97DB9 /* CardActionTest.swift */,
				99DB54D71F423BCE00C97DB9 /* AnimationCardTest.swift */,
				99DB54DF1F42458100C97DB9 /* AudioCardTest.swift */,
				99DB54E71F424A9D00C97DB9 /* VideoCardTest.swift */,
			);
			name = Tests;
			path = Tests/DirectLineTests;
			sourceTree = "<group>";
		};
		9958C53F1F3F981D00CA5F97 /* Frameworks */ = {
			isa = PBXGroup;
			children = (
				996A82591F40401100C36B75 /* Starscream.framework */,
				996A825D1F40438E00C36B75 /* Starscream.framework */,
				996A82641F40449000C36B75 /* Starscream.framework */,
				9958C54C1F3F9B7C00CA5F97 /* RxSwift.framework */,
				9958C5461F3F9A2E00CA5F97 /* RxSwift.framework */,
				9958C5401F3F981E00CA5F97 /* RxSwift.framework */,
			);
			name = Frameworks;
			sourceTree = "<group>";
		};
		DD7502721C68FC1B006590AF /* Frameworks */ = {
			isa = PBXGroup;
			children = (
				AD2FAA261CD0B6D800659CF4 /* DirectLine.plist */,
			);
			name = Frameworks;
			sourceTree = "<group>";
		};
		DD7502731C68FC20006590AF /* Tests */ = {
			isa = PBXGroup;
			children = (
				AD2FAA281CD0B6E100659CF4 /* DirectLineTests.plist */,
			);
			name = Tests;
			sourceTree = "<group>";
		};
/* End PBXGroup section */

/* Begin PBXHeadersBuildPhase section */
		52D6D9791BEFF229002C0205 /* Headers */ = {
			isa = PBXHeadersBuildPhase;
			buildActionMask = 2147483647;
			files = (
			);
			runOnlyForDeploymentPostprocessing = 0;
		};
		52D6D9ED1BEFFFBE002C0205 /* Headers */ = {
			isa = PBXHeadersBuildPhase;
			buildActionMask = 2147483647;
			files = (
			);
			runOnlyForDeploymentPostprocessing = 0;
		};
		52D6DA0C1BF000BD002C0205 /* Headers */ = {
			isa = PBXHeadersBuildPhase;
			buildActionMask = 2147483647;
			files = (
			);
			runOnlyForDeploymentPostprocessing = 0;
		};
/* End PBXHeadersBuildPhase section */

/* Begin PBXNativeTarget section */
		52D6D97B1BEFF229002C0205 /* DirectLine-iOS */ = {
			isa = PBXNativeTarget;
			buildConfigurationList = 52D6D9901BEFF229002C0205 /* Build configuration list for PBXNativeTarget "DirectLine-iOS" */;
			buildPhases = (
				52D6D9771BEFF229002C0205 /* Sources */,
				52D6D9781BEFF229002C0205 /* Frameworks */,
				52D6D9791BEFF229002C0205 /* Headers */,
				52D6D97A1BEFF229002C0205 /* Resources */,
				9958C5421F3F983B00CA5F97 /* ShellScript */,
			);
			buildRules = (
			);
			dependencies = (
			);
			name = "DirectLine-iOS";
			productName = DirectLine;
			productReference = 52D6D97C1BEFF229002C0205 /* DirectLine.framework */;
			productType = "com.apple.product-type.framework";
		};
		52D6D9851BEFF229002C0205 /* DirectLine-iOS Tests */ = {
			isa = PBXNativeTarget;
			buildConfigurationList = 52D6D9931BEFF229002C0205 /* Build configuration list for PBXNativeTarget "DirectLine-iOS Tests" */;
			buildPhases = (
				52D6D9821BEFF229002C0205 /* Sources */,
				52D6D9831BEFF229002C0205 /* Frameworks */,
				52D6D9841BEFF229002C0205 /* Resources */,
				9958C5441F3F99C900CA5F97 /* CopyFiles */,
			);
			buildRules = (
			);
			dependencies = (
				52D6D9891BEFF229002C0205 /* PBXTargetDependency */,
			);
			name = "DirectLine-iOS Tests";
			productName = DirectLineTests;
			productReference = 52D6D9861BEFF229002C0205 /* DirectLine-iOS Tests.xctest */;
			productType = "com.apple.product-type.bundle.unit-test";
		};
		52D6D9EF1BEFFFBE002C0205 /* DirectLine-tvOS */ = {
			isa = PBXNativeTarget;
			buildConfigurationList = 52D6DA011BEFFFBE002C0205 /* Build configuration list for PBXNativeTarget "DirectLine-tvOS" */;
			buildPhases = (
				52D6D9EB1BEFFFBE002C0205 /* Sources */,
				52D6D9EC1BEFFFBE002C0205 /* Frameworks */,
				52D6D9ED1BEFFFBE002C0205 /* Headers */,
				52D6D9EE1BEFFFBE002C0205 /* Resources */,
				9958C5481F3F9A3E00CA5F97 /* ShellScript */,
			);
			buildRules = (
			);
			dependencies = (
			);
			name = "DirectLine-tvOS";
			productName = "DirectLine-tvOS";
			productReference = 52D6D9F01BEFFFBE002C0205 /* DirectLine.framework */;
			productType = "com.apple.product-type.framework";
		};
		52D6DA0E1BF000BD002C0205 /* DirectLine-macOS */ = {
			isa = PBXNativeTarget;
			buildConfigurationList = 52D6DA201BF000BD002C0205 /* Build configuration list for PBXNativeTarget "DirectLine-macOS" */;
			buildPhases = (
				52D6DA0A1BF000BD002C0205 /* Sources */,
				52D6DA0B1BF000BD002C0205 /* Frameworks */,
				52D6DA0C1BF000BD002C0205 /* Headers */,
				52D6DA0D1BF000BD002C0205 /* Resources */,
			);
			buildRules = (
			);
			dependencies = (
			);
			name = "DirectLine-macOS";
			productName = "DirectLine-macOS";
			productReference = 52D6DA0F1BF000BD002C0205 /* DirectLine.framework */;
			productType = "com.apple.product-type.framework";
		};
		DD7502791C68FCFC006590AF /* DirectLine-macOS Tests */ = {
			isa = PBXNativeTarget;
			buildConfigurationList = DD7502821C68FCFC006590AF /* Build configuration list for PBXNativeTarget "DirectLine-macOS Tests" */;
			buildPhases = (
				DD7502761C68FCFC006590AF /* Sources */,
				DD7502771C68FCFC006590AF /* Frameworks */,
				DD7502781C68FCFC006590AF /* Resources */,
				9958C5531F3F9BF700CA5F97 /* CopyFiles */,
			);
			buildRules = (
			);
			dependencies = (
				DD7502811C68FCFC006590AF /* PBXTargetDependency */,
			);
			name = "DirectLine-macOS Tests";
			productName = "DirectLine-OS Tests";
			productReference = DD75027A1C68FCFC006590AF /* DirectLine-macOS Tests.xctest */;
			productType = "com.apple.product-type.bundle.unit-test";
		};
		DD75028C1C690C7A006590AF /* DirectLine-tvOS Tests */ = {
			isa = PBXNativeTarget;
			buildConfigurationList = DD7502951C690C7A006590AF /* Build configuration list for PBXNativeTarget "DirectLine-tvOS Tests" */;
			buildPhases = (
				DD7502891C690C7A006590AF /* Sources */,
				DD75028A1C690C7A006590AF /* Frameworks */,
				DD75028B1C690C7A006590AF /* Resources */,
				9958C54A1F3F9AE800CA5F97 /* CopyFiles */,
			);
			buildRules = (
			);
			dependencies = (
				DD7502941C690C7A006590AF /* PBXTargetDependency */,
			);
			name = "DirectLine-tvOS Tests";
			productName = "DirectLine-tvOS Tests";
			productReference = DD75028D1C690C7A006590AF /* DirectLine-tvOS Tests.xctest */;
			productType = "com.apple.product-type.bundle.unit-test";
		};
/* End PBXNativeTarget section */

/* Begin PBXProject section */
		52D6D9731BEFF229002C0205 /* Project object */ = {
			isa = PBXProject;
			attributes = {
				LastSwiftUpdateCheck = 0720;
				LastUpgradeCheck = 0900;
				ORGANIZATIONNAME = "Guille Gonzalez";
				TargetAttributes = {
					52D6D97B1BEFF229002C0205 = {
						CreatedOnToolsVersion = 7.1;
						LastSwiftMigration = 0800;
					};
					52D6D9851BEFF229002C0205 = {
						CreatedOnToolsVersion = 7.1;
						LastSwiftMigration = 0800;
					};
					52D6D9EF1BEFFFBE002C0205 = {
						CreatedOnToolsVersion = 7.1;
						LastSwiftMigration = 0800;
					};
					52D6DA0E1BF000BD002C0205 = {
						CreatedOnToolsVersion = 7.1;
						LastSwiftMigration = 0800;
					};
					DD7502791C68FCFC006590AF = {
						CreatedOnToolsVersion = 7.2.1;
						LastSwiftMigration = 0800;
					};
					DD75028C1C690C7A006590AF = {
						CreatedOnToolsVersion = 7.2.1;
						LastSwiftMigration = 0800;
					};
				};
			};
			buildConfigurationList = 52D6D9761BEFF229002C0205 /* Build configuration list for PBXProject "DirectLine" */;
			compatibilityVersion = "Xcode 6.3";
			developmentRegion = English;
			hasScannedForEncodings = 0;
			knownRegions = (
				en,
			);
			mainGroup = 52D6D9721BEFF229002C0205;
			productRefGroup = 52D6D97D1BEFF229002C0205 /* Products */;
			projectDirPath = "";
			projectRoot = "";
			targets = (
				52D6D97B1BEFF229002C0205 /* DirectLine-iOS */,
				52D6DA0E1BF000BD002C0205 /* DirectLine-macOS */,
				52D6D9EF1BEFFFBE002C0205 /* DirectLine-tvOS */,
				52D6D9851BEFF229002C0205 /* DirectLine-iOS Tests */,
				DD7502791C68FCFC006590AF /* DirectLine-macOS Tests */,
				DD75028C1C690C7A006590AF /* DirectLine-tvOS Tests */,
			);
		};
/* End PBXProject section */

/* Begin PBXResourcesBuildPhase section */
		52D6D97A1BEFF229002C0205 /* Resources */ = {
			isa = PBXResourcesBuildPhase;
			buildActionMask = 2147483647;
			files = (
			);
			runOnlyForDeploymentPostprocessing = 0;
		};
		52D6D9841BEFF229002C0205 /* Resources */ = {
			isa = PBXResourcesBuildPhase;
			buildActionMask = 2147483647;
			files = (
			);
			runOnlyForDeploymentPostprocessing = 0;
		};
		52D6D9EE1BEFFFBE002C0205 /* Resources */ = {
			isa = PBXResourcesBuildPhase;
			buildActionMask = 2147483647;
			files = (
			);
			runOnlyForDeploymentPostprocessing = 0;
		};
		52D6DA0D1BF000BD002C0205 /* Resources */ = {
			isa = PBXResourcesBuildPhase;
			buildActionMask = 2147483647;
			files = (
			);
			runOnlyForDeploymentPostprocessing = 0;
		};
		DD7502781C68FCFC006590AF /* Resources */ = {
			isa = PBXResourcesBuildPhase;
			buildActionMask = 2147483647;
			files = (
			);
			runOnlyForDeploymentPostprocessing = 0;
		};
		DD75028B1C690C7A006590AF /* Resources */ = {
			isa = PBXResourcesBuildPhase;
			buildActionMask = 2147483647;
			files = (
			);
			runOnlyForDeploymentPostprocessing = 0;
		};
/* End PBXResourcesBuildPhase section */

/* Begin PBXShellScriptBuildPhase section */
		9958C5421F3F983B00CA5F97 /* ShellScript */ = {
			isa = PBXShellScriptBuildPhase;
			buildActionMask = 2147483647;
			files = (
			);
			inputPaths = (
				"$(SRCROOT)/Carthage/Build/iOS/RxSwift.framework",
				"$(SRCROOT)/Carthage/Build/iOS/Starscream.framework",
			);
			outputPaths = (
				"$(BUILT_PRODUCTS_DIR)/$(FRAMEWORKS_FOLDER_PATH)/RxSwift.framework",
				"$(BUILT_PRODUCTS_DIR)/$(FRAMEWORKS_FOLDER_PATH)/Starscream.framework",
			);
			runOnlyForDeploymentPostprocessing = 0;
			shellPath = /bin/sh;
			shellScript = "/usr/local/bin/carthage copy-frameworks";
		};
		9958C5481F3F9A3E00CA5F97 /* ShellScript */ = {
			isa = PBXShellScriptBuildPhase;
			buildActionMask = 2147483647;
			files = (
			);
			inputPaths = (
				"$(SRCROOT)/Carthage/Build/tvOS/RxSwift.framework",
				"$(SRCROOT)/Carthage/Build/tvOS/Starscream.framework",
			);
			outputPaths = (
				"$(BUILT_PRODUCTS_DIR)/$(FRAMEWORKS_FOLDER_PATH)/RxSwift.framework",
				"$(BUILT_PRODUCTS_DIR)/$(FRAMEWORKS_FOLDER_PATH)/Starscream.framework",
			);
			runOnlyForDeploymentPostprocessing = 0;
			shellPath = /bin/sh;
			shellScript = "/usr/local/bin/carthage copy-frameworks";
		};
/* End PBXShellScriptBuildPhase section */

/* Begin PBXSourcesBuildPhase section */
		52D6D9771BEFF229002C0205 /* Sources */ = {
			isa = PBXSourcesBuildPhase;
			buildActionMask = 2147483647;
			files = (
				9955259C1F43688000E6CF1E /* Fact.swift in Sources */,
				99DB54CC1F41B18700C97DB9 /* ThumbnailURL.swift in Sources */,
				99DB54D01F41B2F100C97DB9 /* MediaURL.swift in Sources */,
				995525A01F4389B200E6CF1E /* ReceiptItem.swift in Sources */,
				99DB54DC1F4242EA00C97DB9 /* AudioCard.swift in Sources */,
				995038021F3F2B2600502D9E /* ErrorResponse.swift in Sources */,
				995525981F43680F00E6CF1E /* ReceiptCard.swift in Sources */,
				995037FA1F3F15A000502D9E /* Conversation.swift in Sources */,
				995525881F42C53800E6CF1E /* HeroCard.swift in Sources */,
				99DB54D41F41B3EF00C97DB9 /* AnimationCard.swift in Sources */,
				995525901F42C9CC00E6CF1E /* CardImage.swift in Sources */,
				991939261F4390DC00842C92 /* SignInCard.swift in Sources */,
				991831661F408CE8005619A6 /* Media.swift in Sources */,
				996A826A1F404A6700C36B75 /* Activity.swift in Sources */,
				8933C7851EB5B820000D00A4 /* DirectLine.swift in Sources */,
				995525941F43649600E6CF1E /* ThumbnailCard.swift in Sources */,
				99DB54E41F42497200C97DB9 /* VideoCard.swift in Sources */,
				99DB54C01F40B40C00C97DB9 /* AdaptiveCard.swift in Sources */,
				996A82761F4061C500C36B75 /* Attachment.swift in Sources */,
				996A826E1F40565500C36B75 /* ActivitySet.swift in Sources */,
				99DB54C41F40BA7000C97DB9 /* CardAction.swift in Sources */,
			);
			runOnlyForDeploymentPostprocessing = 0;
		};
		52D6D9821BEFF229002C0205 /* Sources */ = {
			isa = PBXSourcesBuildPhase;
			buildActionMask = 2147483647;
			files = (
				99DB54E81F424A9D00C97DB9 /* VideoCardTest.swift in Sources */,
				9918316E1F4092F3005619A6 /* AttachmentTest.swift in Sources */,
				99DB54C81F41A56200C97DB9 /* CardActionTest.swift in Sources */,
				99DB54E01F42458100C97DB9 /* AudioCardTest.swift in Sources */,
				99DB54D81F423BCE00C97DB9 /* AnimationCardTest.swift in Sources */,
				995038041F3F2C2B00502D9E /* ErrorResponseTest.swift in Sources */,
				996A82721F405BD100C36B75 /* ActivitySetTest.swift in Sources */,
				995037FE1F3F16E800502D9E /* ConversationTest.swift in Sources */,
				8933C7901EB5B82D000D00A4 /* DirectLineTests.swift in Sources */,
			);
			runOnlyForDeploymentPostprocessing = 0;
		};
		52D6D9EB1BEFFFBE002C0205 /* Sources */ = {
			isa = PBXSourcesBuildPhase;
			buildActionMask = 2147483647;
			files = (
				9955259E1F43688000E6CF1E /* Fact.swift in Sources */,
				99DB54CE1F41B18700C97DB9 /* ThumbnailURL.swift in Sources */,
				99DB54D21F41B2F100C97DB9 /* MediaURL.swift in Sources */,
				995525A21F4389B200E6CF1E /* ReceiptItem.swift in Sources */,
				99DB54DE1F4242EA00C97DB9 /* AudioCard.swift in Sources */,
				995038081F3F2C3500502D9E /* ErrorResponse.swift in Sources */,
				9955259A1F43680F00E6CF1E /* ReceiptCard.swift in Sources */,
				995037FC1F3F15C000502D9E /* Conversation.swift in Sources */,
				9955258A1F42C53800E6CF1E /* HeroCard.swift in Sources */,
				99DB54D61F41B3EF00C97DB9 /* AnimationCard.swift in Sources */,
				995525921F42C9CC00E6CF1E /* CardImage.swift in Sources */,
				991939281F4390DC00842C92 /* SignInCard.swift in Sources */,
				991831681F408CE8005619A6 /* Media.swift in Sources */,
				996A826C1F404A6700C36B75 /* Activity.swift in Sources */,
				8933C7881EB5B820000D00A4 /* DirectLine.swift in Sources */,
				995525961F43649600E6CF1E /* ThumbnailCard.swift in Sources */,
				99DB54E61F42497200C97DB9 /* VideoCard.swift in Sources */,
				99DB54C21F40B40C00C97DB9 /* AdaptiveCard.swift in Sources */,
				996A82781F4061C500C36B75 /* Attachment.swift in Sources */,
				996A82701F40565500C36B75 /* ActivitySet.swift in Sources */,
				99DB54C61F40BA7000C97DB9 /* CardAction.swift in Sources */,
			);
			runOnlyForDeploymentPostprocessing = 0;
		};
		52D6DA0A1BF000BD002C0205 /* Sources */ = {
			isa = PBXSourcesBuildPhase;
			buildActionMask = 2147483647;
			files = (
				9955259D1F43688000E6CF1E /* Fact.swift in Sources */,
				99DB54CD1F41B18700C97DB9 /* ThumbnailURL.swift in Sources */,
				99DB54D11F41B2F100C97DB9 /* MediaURL.swift in Sources */,
				995525A11F4389B200E6CF1E /* ReceiptItem.swift in Sources */,
				99DB54DD1F4242EA00C97DB9 /* AudioCard.swift in Sources */,
				995038071F3F2C3400502D9E /* ErrorResponse.swift in Sources */,
				995525991F43680F00E6CF1E /* ReceiptCard.swift in Sources */,
				995037FB1F3F15BF00502D9E /* Conversation.swift in Sources */,
				995525891F42C53800E6CF1E /* HeroCard.swift in Sources */,
				99DB54D51F41B3EF00C97DB9 /* AnimationCard.swift in Sources */,
				995525911F42C9CC00E6CF1E /* CardImage.swift in Sources */,
				991939271F4390DC00842C92 /* SignInCard.swift in Sources */,
				991831671F408CE8005619A6 /* Media.swift in Sources */,
				996A826B1F404A6700C36B75 /* Activity.swift in Sources */,
				8933C7861EB5B820000D00A4 /* DirectLine.swift in Sources */,
				995525951F43649600E6CF1E /* ThumbnailCard.swift in Sources */,
				99DB54E51F42497200C97DB9 /* VideoCard.swift in Sources */,
				99DB54C11F40B40C00C97DB9 /* AdaptiveCard.swift in Sources */,
				996A82771F4061C500C36B75 /* Attachment.swift in Sources */,
				996A826F1F40565500C36B75 /* ActivitySet.swift in Sources */,
				99DB54C51F40BA7000C97DB9 /* CardAction.swift in Sources */,
			);
			runOnlyForDeploymentPostprocessing = 0;
		};
		DD7502761C68FCFC006590AF /* Sources */ = {
			isa = PBXSourcesBuildPhase;
			buildActionMask = 2147483647;
			files = (
				99DB54E91F424A9D00C97DB9 /* VideoCardTest.swift in Sources */,
				9918316F1F4092F3005619A6 /* AttachmentTest.swift in Sources */,
				99DB54C91F41A56200C97DB9 /* CardActionTest.swift in Sources */,
				99DB54E11F42458100C97DB9 /* AudioCardTest.swift in Sources */,
				99DB54D91F423BCE00C97DB9 /* AnimationCardTest.swift in Sources */,
				995038051F3F2C2B00502D9E /* ErrorResponseTest.swift in Sources */,
				996A82731F405BD100C36B75 /* ActivitySetTest.swift in Sources */,
				995037FF1F3F172200502D9E /* ConversationTest.swift in Sources */,
				8933C78F1EB5B82C000D00A4 /* DirectLineTests.swift in Sources */,
			);
			runOnlyForDeploymentPostprocessing = 0;
		};
		DD7502891C690C7A006590AF /* Sources */ = {
			isa = PBXSourcesBuildPhase;
			buildActionMask = 2147483647;
			files = (
				99DB54EA1F424A9D00C97DB9 /* VideoCardTest.swift in Sources */,
				991831701F4092F3005619A6 /* AttachmentTest.swift in Sources */,
				99DB54CA1F41A56200C97DB9 /* CardActionTest.swift in Sources */,
				99DB54E21F42458100C97DB9 /* AudioCardTest.swift in Sources */,
				99DB54DA1F423BCE00C97DB9 /* AnimationCardTest.swift in Sources */,
				995038061F3F2C2B00502D9E /* ErrorResponseTest.swift in Sources */,
				996A82741F405BD100C36B75 /* ActivitySetTest.swift in Sources */,
				995038001F3F172300502D9E /* ConversationTest.swift in Sources */,
				8933C78E1EB5B82C000D00A4 /* DirectLineTests.swift in Sources */,
			);
			runOnlyForDeploymentPostprocessing = 0;
		};
/* End PBXSourcesBuildPhase section */

/* Begin PBXTargetDependency section */
		52D6D9891BEFF229002C0205 /* PBXTargetDependency */ = {
			isa = PBXTargetDependency;
			target = 52D6D97B1BEFF229002C0205 /* DirectLine-iOS */;
			targetProxy = 52D6D9881BEFF229002C0205 /* PBXContainerItemProxy */;
		};
		DD7502811C68FCFC006590AF /* PBXTargetDependency */ = {
			isa = PBXTargetDependency;
			target = 52D6DA0E1BF000BD002C0205 /* DirectLine-macOS */;
			targetProxy = DD7502801C68FCFC006590AF /* PBXContainerItemProxy */;
		};
		DD7502941C690C7A006590AF /* PBXTargetDependency */ = {
			isa = PBXTargetDependency;
			target = 52D6D9EF1BEFFFBE002C0205 /* DirectLine-tvOS */;
			targetProxy = DD7502931C690C7A006590AF /* PBXContainerItemProxy */;
		};
/* End PBXTargetDependency section */

/* Begin XCBuildConfiguration section */
		52D6D98E1BEFF229002C0205 /* Debug */ = {
			isa = XCBuildConfiguration;
			buildSettings = {
				ALWAYS_SEARCH_USER_PATHS = NO;
				CLANG_CXX_LANGUAGE_STANDARD = "gnu++0x";
				CLANG_CXX_LIBRARY = "libc++";
				CLANG_ENABLE_MODULES = YES;
				CLANG_ENABLE_OBJC_ARC = YES;
				CLANG_WARN_BLOCK_CAPTURE_AUTORELEASING = YES;
				CLANG_WARN_BOOL_CONVERSION = YES;
				CLANG_WARN_COMMA = YES;
				CLANG_WARN_CONSTANT_CONVERSION = YES;
				CLANG_WARN_DIRECT_OBJC_ISA_USAGE = YES_ERROR;
				CLANG_WARN_EMPTY_BODY = YES;
				CLANG_WARN_ENUM_CONVERSION = YES;
				CLANG_WARN_INFINITE_RECURSION = YES;
				CLANG_WARN_INT_CONVERSION = YES;
				CLANG_WARN_NON_LITERAL_NULL_CONVERSION = YES;
				CLANG_WARN_OBJC_LITERAL_CONVERSION = YES;
				CLANG_WARN_OBJC_ROOT_CLASS = YES_ERROR;
				CLANG_WARN_RANGE_LOOP_ANALYSIS = YES;
				CLANG_WARN_STRICT_PROTOTYPES = YES;
				CLANG_WARN_SUSPICIOUS_MOVE = YES;
				CLANG_WARN_UNREACHABLE_CODE = YES;
				CLANG_WARN__DUPLICATE_METHOD_MATCH = YES;
				"CODE_SIGN_IDENTITY[sdk=iphoneos*]" = "iPhone Developer";
				COPY_PHASE_STRIP = NO;
				CURRENT_PROJECT_VERSION = 1;
				DEBUG_INFORMATION_FORMAT = dwarf;
				ENABLE_STRICT_OBJC_MSGSEND = YES;
				ENABLE_TESTABILITY = YES;
				GCC_C_LANGUAGE_STANDARD = gnu99;
				GCC_DYNAMIC_NO_PIC = NO;
				GCC_NO_COMMON_BLOCKS = YES;
				GCC_OPTIMIZATION_LEVEL = 0;
				GCC_PREPROCESSOR_DEFINITIONS = (
					"DEBUG=1",
					"$(inherited)",
				);
				GCC_WARN_64_TO_32_BIT_CONVERSION = YES;
				GCC_WARN_ABOUT_RETURN_TYPE = YES_ERROR;
				GCC_WARN_UNDECLARED_SELECTOR = YES;
				GCC_WARN_UNINITIALIZED_AUTOS = YES_AGGRESSIVE;
				GCC_WARN_UNUSED_FUNCTION = YES;
				GCC_WARN_UNUSED_VARIABLE = YES;
				IPHONEOS_DEPLOYMENT_TARGET = 8.0;
				MTL_ENABLE_DEBUG_INFO = YES;
				ONLY_ACTIVE_ARCH = YES;
				SDKROOT = iphoneos;
				SWIFT_OPTIMIZATION_LEVEL = "-Onone";
				SWIFT_VERSION = 4.0;
				TARGETED_DEVICE_FAMILY = "1,2";
				VERSIONING_SYSTEM = "apple-generic";
				VERSION_INFO_PREFIX = "";
			};
			name = Debug;
		};
		52D6D98F1BEFF229002C0205 /* Release */ = {
			isa = XCBuildConfiguration;
			buildSettings = {
				ALWAYS_SEARCH_USER_PATHS = NO;
				CLANG_CXX_LANGUAGE_STANDARD = "gnu++0x";
				CLANG_CXX_LIBRARY = "libc++";
				CLANG_ENABLE_MODULES = YES;
				CLANG_ENABLE_OBJC_ARC = YES;
				CLANG_WARN_BLOCK_CAPTURE_AUTORELEASING = YES;
				CLANG_WARN_BOOL_CONVERSION = YES;
				CLANG_WARN_COMMA = YES;
				CLANG_WARN_CONSTANT_CONVERSION = YES;
				CLANG_WARN_DIRECT_OBJC_ISA_USAGE = YES_ERROR;
				CLANG_WARN_EMPTY_BODY = YES;
				CLANG_WARN_ENUM_CONVERSION = YES;
				CLANG_WARN_INFINITE_RECURSION = YES;
				CLANG_WARN_INT_CONVERSION = YES;
				CLANG_WARN_NON_LITERAL_NULL_CONVERSION = YES;
				CLANG_WARN_OBJC_LITERAL_CONVERSION = YES;
				CLANG_WARN_OBJC_ROOT_CLASS = YES_ERROR;
				CLANG_WARN_RANGE_LOOP_ANALYSIS = YES;
				CLANG_WARN_STRICT_PROTOTYPES = YES;
				CLANG_WARN_SUSPICIOUS_MOVE = YES;
				CLANG_WARN_UNREACHABLE_CODE = YES;
				CLANG_WARN__DUPLICATE_METHOD_MATCH = YES;
				"CODE_SIGN_IDENTITY[sdk=iphoneos*]" = "iPhone Developer";
				COPY_PHASE_STRIP = NO;
				CURRENT_PROJECT_VERSION = 1;
				DEBUG_INFORMATION_FORMAT = "dwarf-with-dsym";
				ENABLE_NS_ASSERTIONS = NO;
				ENABLE_STRICT_OBJC_MSGSEND = YES;
				GCC_C_LANGUAGE_STANDARD = gnu99;
				GCC_NO_COMMON_BLOCKS = YES;
				GCC_WARN_64_TO_32_BIT_CONVERSION = YES;
				GCC_WARN_ABOUT_RETURN_TYPE = YES_ERROR;
				GCC_WARN_UNDECLARED_SELECTOR = YES;
				GCC_WARN_UNINITIALIZED_AUTOS = YES_AGGRESSIVE;
				GCC_WARN_UNUSED_FUNCTION = YES;
				GCC_WARN_UNUSED_VARIABLE = YES;
				IPHONEOS_DEPLOYMENT_TARGET = 8.0;
				MTL_ENABLE_DEBUG_INFO = NO;
				SDKROOT = iphoneos;
				SWIFT_VERSION = 4.0;
				TARGETED_DEVICE_FAMILY = "1,2";
				VALIDATE_PRODUCT = YES;
				VERSIONING_SYSTEM = "apple-generic";
				VERSION_INFO_PREFIX = "";
			};
			name = Release;
		};
		52D6D9911BEFF229002C0205 /* Debug */ = {
			isa = XCBuildConfiguration;
			buildSettings = {
				APPLICATION_EXTENSION_API_ONLY = YES;
				CLANG_ENABLE_MODULES = YES;
				"CODE_SIGN_IDENTITY[sdk=iphoneos*]" = "";
				DEFINES_MODULE = YES;
				DYLIB_COMPATIBILITY_VERSION = 1;
				DYLIB_CURRENT_VERSION = 1;
				DYLIB_INSTALL_NAME_BASE = "@rpath";
				FRAMEWORK_SEARCH_PATHS = (
					"$(inherited)",
					"$(PROJECT_DIR)/Carthage/Build/iOS",
				);
				INFOPLIST_FILE = Configs/DirectLine.plist;
				INSTALL_PATH = "$(LOCAL_LIBRARY_DIR)/Frameworks";
				IPHONEOS_DEPLOYMENT_TARGET = 8.0;
				LD_RUNPATH_SEARCH_PATHS = "$(inherited) @executable_path/Frameworks @loader_path/Frameworks";
				ONLY_ACTIVE_ARCH = NO;
				PRODUCT_BUNDLE_IDENTIFIER = "com.DirectLine.DirectLine-iOS";
				PRODUCT_NAME = DirectLine;
				SKIP_INSTALL = YES;
				SWIFT_OPTIMIZATION_LEVEL = "-Onone";
			};
			name = Debug;
		};
		52D6D9921BEFF229002C0205 /* Release */ = {
			isa = XCBuildConfiguration;
			buildSettings = {
				APPLICATION_EXTENSION_API_ONLY = YES;
				CLANG_ENABLE_MODULES = YES;
				"CODE_SIGN_IDENTITY[sdk=iphoneos*]" = "";
				DEFINES_MODULE = YES;
				DYLIB_COMPATIBILITY_VERSION = 1;
				DYLIB_CURRENT_VERSION = 1;
				DYLIB_INSTALL_NAME_BASE = "@rpath";
				FRAMEWORK_SEARCH_PATHS = (
					"$(inherited)",
					"$(PROJECT_DIR)/Carthage/Build/iOS",
				);
				INFOPLIST_FILE = Configs/DirectLine.plist;
				INSTALL_PATH = "$(LOCAL_LIBRARY_DIR)/Frameworks";
				IPHONEOS_DEPLOYMENT_TARGET = 8.0;
				LD_RUNPATH_SEARCH_PATHS = "$(inherited) @executable_path/Frameworks @loader_path/Frameworks";
				PRODUCT_BUNDLE_IDENTIFIER = "com.DirectLine.DirectLine-iOS";
				PRODUCT_NAME = DirectLine;
				SKIP_INSTALL = YES;
				SWIFT_OPTIMIZATION_LEVEL = "-Owholemodule";
			};
			name = Release;
		};
		52D6D9941BEFF229002C0205 /* Debug */ = {
			isa = XCBuildConfiguration;
			buildSettings = {
				CLANG_ENABLE_MODULES = YES;
				FRAMEWORK_SEARCH_PATHS = (
					"$(inherited)",
					"$(PROJECT_DIR)/Carthage/Build/iOS",
				);
				INFOPLIST_FILE = Configs/DirectLineTests.plist;
				LD_RUNPATH_SEARCH_PATHS = "$(inherited) @executable_path/Frameworks @loader_path/Frameworks";
				PRODUCT_BUNDLE_IDENTIFIER = "com.DirectLine.DirectLine-iOS-Tests";
				PRODUCT_NAME = "$(TARGET_NAME)";
				SWIFT_OPTIMIZATION_LEVEL = "-Onone";
			};
			name = Debug;
		};
		52D6D9951BEFF229002C0205 /* Release */ = {
			isa = XCBuildConfiguration;
			buildSettings = {
				CLANG_ENABLE_MODULES = YES;
				FRAMEWORK_SEARCH_PATHS = (
					"$(inherited)",
					"$(PROJECT_DIR)/Carthage/Build/iOS",
				);
				INFOPLIST_FILE = Configs/DirectLineTests.plist;
				LD_RUNPATH_SEARCH_PATHS = "$(inherited) @executable_path/Frameworks @loader_path/Frameworks";
				PRODUCT_BUNDLE_IDENTIFIER = "com.DirectLine.DirectLine-iOS-Tests";
				PRODUCT_NAME = "$(TARGET_NAME)";
				SWIFT_OPTIMIZATION_LEVEL = "-Owholemodule";
			};
			name = Release;
		};
		52D6DA021BEFFFBE002C0205 /* Debug */ = {
			isa = XCBuildConfiguration;
			buildSettings = {
				APPLICATION_EXTENSION_API_ONLY = YES;
				"CODE_SIGN_IDENTITY[sdk=appletvos*]" = "";
				DEFINES_MODULE = YES;
				DYLIB_COMPATIBILITY_VERSION = 1;
				DYLIB_CURRENT_VERSION = 1;
				DYLIB_INSTALL_NAME_BASE = "@rpath";
				FRAMEWORK_SEARCH_PATHS = (
					"$(inherited)",
					"$(PROJECT_DIR)/Carthage/Build/tvOS",
				);
				INFOPLIST_FILE = Configs/DirectLine.plist;
				INSTALL_PATH = "$(LOCAL_LIBRARY_DIR)/Frameworks";
				LD_RUNPATH_SEARCH_PATHS = "$(inherited) @executable_path/Frameworks @loader_path/Frameworks";
				PRODUCT_BUNDLE_IDENTIFIER = "com.DirectLine.DirectLine-tvOS";
				PRODUCT_NAME = DirectLine;
				SDKROOT = appletvos;
				SKIP_INSTALL = YES;
				TARGETED_DEVICE_FAMILY = 3;
				TVOS_DEPLOYMENT_TARGET = 9.0;
			};
			name = Debug;
		};
		52D6DA031BEFFFBE002C0205 /* Release */ = {
			isa = XCBuildConfiguration;
			buildSettings = {
				APPLICATION_EXTENSION_API_ONLY = YES;
				"CODE_SIGN_IDENTITY[sdk=appletvos*]" = "";
				DEFINES_MODULE = YES;
				DYLIB_COMPATIBILITY_VERSION = 1;
				DYLIB_CURRENT_VERSION = 1;
				DYLIB_INSTALL_NAME_BASE = "@rpath";
				FRAMEWORK_SEARCH_PATHS = (
					"$(inherited)",
					"$(PROJECT_DIR)/Carthage/Build/tvOS",
				);
				INFOPLIST_FILE = Configs/DirectLine.plist;
				INSTALL_PATH = "$(LOCAL_LIBRARY_DIR)/Frameworks";
				LD_RUNPATH_SEARCH_PATHS = "$(inherited) @executable_path/Frameworks @loader_path/Frameworks";
				PRODUCT_BUNDLE_IDENTIFIER = "com.DirectLine.DirectLine-tvOS";
				PRODUCT_NAME = DirectLine;
				SDKROOT = appletvos;
				SKIP_INSTALL = YES;
				SWIFT_OPTIMIZATION_LEVEL = "-Owholemodule";
				TARGETED_DEVICE_FAMILY = 3;
				TVOS_DEPLOYMENT_TARGET = 9.0;
			};
			name = Release;
		};
		52D6DA211BF000BD002C0205 /* Debug */ = {
			isa = XCBuildConfiguration;
			buildSettings = {
				APPLICATION_EXTENSION_API_ONLY = YES;
				CODE_SIGN_IDENTITY = "-";
				COMBINE_HIDPI_IMAGES = YES;
				DEFINES_MODULE = YES;
				DYLIB_COMPATIBILITY_VERSION = 1;
				DYLIB_CURRENT_VERSION = 1;
				DYLIB_INSTALL_NAME_BASE = "@rpath";
				FRAMEWORK_SEARCH_PATHS = (
					"$(inherited)",
					"$(PROJECT_DIR)/Carthage/Build/Mac",
				);
				FRAMEWORK_VERSION = A;
				INFOPLIST_FILE = Configs/DirectLine.plist;
				INSTALL_PATH = "$(LOCAL_LIBRARY_DIR)/Frameworks";
				LD_RUNPATH_SEARCH_PATHS = "$(inherited) @executable_path/../Frameworks @loader_path/Frameworks";
				MACOSX_DEPLOYMENT_TARGET = 10.10;
				PRODUCT_BUNDLE_IDENTIFIER = "com.DirectLine.DirectLine-macOS";
				PRODUCT_NAME = DirectLine;
				SDKROOT = macosx;
				SKIP_INSTALL = YES;
			};
			name = Debug;
		};
		52D6DA221BF000BD002C0205 /* Release */ = {
			isa = XCBuildConfiguration;
			buildSettings = {
				APPLICATION_EXTENSION_API_ONLY = YES;
				CODE_SIGN_IDENTITY = "-";
				COMBINE_HIDPI_IMAGES = YES;
				DEFINES_MODULE = YES;
				DYLIB_COMPATIBILITY_VERSION = 1;
				DYLIB_CURRENT_VERSION = 1;
				DYLIB_INSTALL_NAME_BASE = "@rpath";
				FRAMEWORK_SEARCH_PATHS = (
					"$(inherited)",
					"$(PROJECT_DIR)/Carthage/Build/Mac",
				);
				FRAMEWORK_VERSION = A;
				INFOPLIST_FILE = Configs/DirectLine.plist;
				INSTALL_PATH = "$(LOCAL_LIBRARY_DIR)/Frameworks";
				LD_RUNPATH_SEARCH_PATHS = "$(inherited) @executable_path/../Frameworks @loader_path/Frameworks";
				MACOSX_DEPLOYMENT_TARGET = 10.10;
				PRODUCT_BUNDLE_IDENTIFIER = "com.DirectLine.DirectLine-macOS";
				PRODUCT_NAME = DirectLine;
				SDKROOT = macosx;
				SKIP_INSTALL = YES;
				SWIFT_OPTIMIZATION_LEVEL = "-Owholemodule";
			};
			name = Release;
		};
		DD7502831C68FCFC006590AF /* Debug */ = {
			isa = XCBuildConfiguration;
			buildSettings = {
				CODE_SIGN_IDENTITY = "-";
				COMBINE_HIDPI_IMAGES = YES;
				FRAMEWORK_SEARCH_PATHS = (
					"$(inherited)",
					"$(PROJECT_DIR)/Carthage/Build/Mac",
				);
				INFOPLIST_FILE = Configs/DirectLineTests.plist;
				LD_RUNPATH_SEARCH_PATHS = "$(inherited) @executable_path/../Frameworks @loader_path/../Frameworks";
				MACOSX_DEPLOYMENT_TARGET = 10.11;
				PRODUCT_BUNDLE_IDENTIFIER = "com.DirectLine.DirectLine-macOS-Tests";
				PRODUCT_NAME = "$(TARGET_NAME)";
				SDKROOT = macosx;
			};
			name = Debug;
		};
		DD7502841C68FCFC006590AF /* Release */ = {
			isa = XCBuildConfiguration;
			buildSettings = {
				CODE_SIGN_IDENTITY = "-";
				COMBINE_HIDPI_IMAGES = YES;
				FRAMEWORK_SEARCH_PATHS = (
					"$(inherited)",
					"$(PROJECT_DIR)/Carthage/Build/Mac",
				);
				INFOPLIST_FILE = Configs/DirectLineTests.plist;
				LD_RUNPATH_SEARCH_PATHS = "$(inherited) @executable_path/../Frameworks @loader_path/../Frameworks";
				MACOSX_DEPLOYMENT_TARGET = 10.11;
				PRODUCT_BUNDLE_IDENTIFIER = "com.DirectLine.DirectLine-macOS-Tests";
				PRODUCT_NAME = "$(TARGET_NAME)";
				SDKROOT = macosx;
				SWIFT_OPTIMIZATION_LEVEL = "-Owholemodule";
			};
			name = Release;
		};
		DD7502961C690C7A006590AF /* Debug */ = {
			isa = XCBuildConfiguration;
			buildSettings = {
				FRAMEWORK_SEARCH_PATHS = (
					"$(inherited)",
					"$(PROJECT_DIR)/Carthage/Build/tvOS",
				);
				INFOPLIST_FILE = Configs/DirectLineTests.plist;
				LD_RUNPATH_SEARCH_PATHS = "$(inherited) @executable_path/Frameworks @loader_path/Frameworks";
				PRODUCT_BUNDLE_IDENTIFIER = "com.DirectLine.DirectLine-tvOS-Tests";
				PRODUCT_NAME = "$(TARGET_NAME)";
				SDKROOT = appletvos;
				TVOS_DEPLOYMENT_TARGET = 9.1;
			};
			name = Debug;
		};
		DD7502971C690C7A006590AF /* Release */ = {
			isa = XCBuildConfiguration;
			buildSettings = {
				FRAMEWORK_SEARCH_PATHS = (
					"$(inherited)",
					"$(PROJECT_DIR)/Carthage/Build/tvOS",
				);
				INFOPLIST_FILE = Configs/DirectLineTests.plist;
				LD_RUNPATH_SEARCH_PATHS = "$(inherited) @executable_path/Frameworks @loader_path/Frameworks";
				PRODUCT_BUNDLE_IDENTIFIER = "com.DirectLine.DirectLine-tvOS-Tests";
				PRODUCT_NAME = "$(TARGET_NAME)";
				SDKROOT = appletvos;
				SWIFT_OPTIMIZATION_LEVEL = "-Owholemodule";
				TVOS_DEPLOYMENT_TARGET = 9.1;
			};
			name = Release;
		};
/* End XCBuildConfiguration section */

/* Begin XCConfigurationList section */
		52D6D9761BEFF229002C0205 /* Build configuration list for PBXProject "DirectLine" */ = {
			isa = XCConfigurationList;
			buildConfigurations = (
				52D6D98E1BEFF229002C0205 /* Debug */,
				52D6D98F1BEFF229002C0205 /* Release */,
			);
			defaultConfigurationIsVisible = 0;
			defaultConfigurationName = Release;
		};
		52D6D9901BEFF229002C0205 /* Build configuration list for PBXNativeTarget "DirectLine-iOS" */ = {
			isa = XCConfigurationList;
			buildConfigurations = (
				52D6D9911BEFF229002C0205 /* Debug */,
				52D6D9921BEFF229002C0205 /* Release */,
			);
			defaultConfigurationIsVisible = 0;
			defaultConfigurationName = Release;
		};
		52D6D9931BEFF229002C0205 /* Build configuration list for PBXNativeTarget "DirectLine-iOS Tests" */ = {
			isa = XCConfigurationList;
			buildConfigurations = (
				52D6D9941BEFF229002C0205 /* Debug */,
				52D6D9951BEFF229002C0205 /* Release */,
			);
			defaultConfigurationIsVisible = 0;
			defaultConfigurationName = Release;
		};
		52D6DA011BEFFFBE002C0205 /* Build configuration list for PBXNativeTarget "DirectLine-tvOS" */ = {
			isa = XCConfigurationList;
			buildConfigurations = (
				52D6DA021BEFFFBE002C0205 /* Debug */,
				52D6DA031BEFFFBE002C0205 /* Release */,
			);
			defaultConfigurationIsVisible = 0;
			defaultConfigurationName = Release;
		};
		52D6DA201BF000BD002C0205 /* Build configuration list for PBXNativeTarget "DirectLine-macOS" */ = {
			isa = XCConfigurationList;
			buildConfigurations = (
				52D6DA211BF000BD002C0205 /* Debug */,
				52D6DA221BF000BD002C0205 /* Release */,
			);
			defaultConfigurationIsVisible = 0;
			defaultConfigurationName = Release;
		};
		DD7502821C68FCFC006590AF /* Build configuration list for PBXNativeTarget "DirectLine-macOS Tests" */ = {
			isa = XCConfigurationList;
			buildConfigurations = (
				DD7502831C68FCFC006590AF /* Debug */,
				DD7502841C68FCFC006590AF /* Release */,
			);
			defaultConfigurationIsVisible = 0;
			defaultConfigurationName = Release;
		};
		DD7502951C690C7A006590AF /* Build configuration list for PBXNativeTarget "DirectLine-tvOS Tests" */ = {
			isa = XCConfigurationList;
			buildConfigurations = (
				DD7502961C690C7A006590AF /* Debug */,
				DD7502971C690C7A006590AF /* Release */,
			);
			defaultConfigurationIsVisible = 0;
			defaultConfigurationName = Release;
		};
/* End XCConfigurationList section */
	};
	rootObject = 52D6D9731BEFF229002C0205 /* Project object */;
}
